
Microsoft Visual Studio Solution File, Format Version 12.00
# Visual Studio 15
VisualStudioVersion = 15.0.28307.1259
MinimumVisualStudioVersion = 10.0.40219.1
Project("{8BC9CEB8-8B4A-11D0-8D11-00A0C91BC942}") = "SiglusExtract", "SiglusExtract\SiglusExtract.vcxproj", "{8E252163-3F7D-47F7-8735-423F18E7C428}"
	ProjectSection(ProjectDependencies) = postProject
		{3A214E06-B95E-4D61-A291-1F8DF2EC10FD} = {3A214E06-B95E-4D61-A291-1F8DF2EC10FD}
		{47F4A712-EFCB-3B3E-B28F-0D49E68DEA75} = {47F4A712-EFCB-3B3E-B28F-0D49E68DEA75}
		{AFF27A26-C088-444B-BC2A-0BA94A02AFA7} = {AFF27A26-C088-444B-BC2A-0BA94A02AFA7}
		{31E1282C-614B-4CE6-9C20-874EB7246F8C} = {31E1282C-614B-4CE6-9C20-874EB7246F8C}
		{653F3841-3F26-49B9-AFCF-091DB4B67031} = {653F3841-3F26-49B9-AFCF-091DB4B67031}
		{60F89955-91C6-3A36-8000-13C592FEC2DF} = {60F89955-91C6-3A36-8000-13C592FEC2DF}
		{DAA25F59-2B60-422E-9AF6-BE56CF70DA99} = {DAA25F59-2B60-422E-9AF6-BE56CF70DA99}
		{D6973076-9317-4EF2-A0B8-B7A18AC0713E} = {D6973076-9317-4EF2-A0B8-B7A18AC0713E}
		{4CEFBC84-C215-11DB-8314-0800200C9A66} = {4CEFBC84-C215-11DB-8314-0800200C9A66}
		{CEBDE98B-A6AA-46E6-BC79-FAAF823DB9EC} = {CEBDE98B-A6AA-46E6-BC79-FAAF823DB9EC}
	EndProjectSection
EndProject
Project("{8BC9CEB8-8B4A-11D0-8D11-00A0C91BC942}") = "Loader", "Loader\Loader.vcxproj", "{9CECE182-4533-4CC5-A951-277E8838D2CA}"
	ProjectSection(ProjectDependencies) = postProject
		{DAA25F59-2B60-422E-9AF6-BE56CF70DA99} = {DAA25F59-2B60-422E-9AF6-BE56CF70DA99}
	EndProjectSection
EndProject
Project("{8BC9CEB8-8B4A-11D0-8D11-00A0C91BC942}") = "PatchLoader", "PatchLoader\PatchLoader.vcxproj", "{58B30809-48AC-40C1-9FEE-D81871F27BA2}"
	ProjectSection(ProjectDependencies) = postProject
		{DAA25F59-2B60-422E-9AF6-BE56CF70DA99} = {DAA25F59-2B60-422E-9AF6-BE56CF70DA99}
	EndProjectSection
EndProject
Project("{8BC9CEB8-8B4A-11D0-8D11-00A0C91BC942}") = "SiglusUniversalPatch", "SiglusUniversalPatch\SiglusUniversalPatch.vcxproj", "{31E1282C-614B-4CE6-9C20-874EB7246F8C}"
	ProjectSection(ProjectDependencies) = postProject
		{DAA25F59-2B60-422E-9AF6-BE56CF70DA99} = {DAA25F59-2B60-422E-9AF6-BE56CF70DA99}
	EndProjectSection
EndProject
Project("{8BC9CEB8-8B4A-11D0-8D11-00A0C91BC942}") = "Omv2Avi", "Omv2Avi\Omv2Avi.vcxproj", "{C2E7D721-A419-49DF-8ABA-41BF39E5322C}"
	ProjectSection(ProjectDependencies) = postProject
		{AFF27A26-C088-444B-BC2A-0BA94A02AFA7} = {AFF27A26-C088-444B-BC2A-0BA94A02AFA7}
		{653F3841-3F26-49B9-AFCF-091DB4B67031} = {653F3841-3F26-49B9-AFCF-091DB4B67031}
	EndProjectSection
EndProject
Project("{8BC9CEB8-8B4A-11D0-8D11-00A0C91BC942}") = "ScriptRepacker", "ScriptRepacker\ScriptRepacker.vcxproj", "{17DBBEC1-A7D4-41F0-B7D3-BAFF66E7A7E7}"
EndProject
Project("{FAE04EC0-301F-11D3-BF4B-00C04F79EFBC}") = "SiglusExtractCfg", "SiglusExtractCfg\SiglusExtractCfg.csproj", "{5E24FF37-D929-4517-B6FE-61FE77D2ADA1}"
EndProject
Project("{8BC9CEB8-8B4A-11D0-8D11-00A0C91BC942}") = "NativeLib", "NativeLib\NativeLib.vcxproj", "{DAA25F59-2B60-422E-9AF6-BE56CF70DA99}"
EndProject
Project("{8BC9CEB8-8B4A-11D0-8D11-00A0C91BC942}") = "jsoncpp_static", "..\jsoncpp\build\src\lib_json\jsoncpp_static.vcxproj", "{47F4A712-EFCB-3B3E-B28F-0D49E68DEA75}"
EndProject
Project("{8BC9CEB8-8B4A-11D0-8D11-00A0C91BC942}") = "libogg", "..\ogg\win32\VS2015\libogg.vcxproj", "{AFF27A26-C088-444B-BC2A-0BA94A02AFA7}"
EndProject
Project("{8BC9CEB8-8B4A-11D0-8D11-00A0C91BC942}") = "libvorbis_static", "..\vorbis\win32\VS2010\libvorbis\libvorbis_static.vcxproj", "{3A214E06-B95E-4D61-A291-1F8DF2EC10FD}"
	ProjectSection(ProjectDependencies) = postProject
		{AFF27A26-C088-444B-BC2A-0BA94A02AFA7} = {AFF27A26-C088-444B-BC2A-0BA94A02AFA7}
	EndProjectSection
EndProject
Project("{8BC9CEB8-8B4A-11D0-8D11-00A0C91BC942}") = "libvorbisfile", "..\vorbis\win32\VS2010\libvorbisfile\libvorbisfile_static.vcxproj", "{CEBDE98B-A6AA-46E6-BC79-FAAF823DB9EC}"
EndProject
Project("{8BC9CEB8-8B4A-11D0-8D11-00A0C91BC942}") = "libFLAC_static", "..\flac\src\libFLAC\libFLAC_static.vcxproj", "{4CEFBC84-C215-11DB-8314-0800200C9A66}"
	ProjectSection(ProjectDependencies) = postProject
		{AFF27A26-C088-444B-BC2A-0BA94A02AFA7} = {AFF27A26-C088-444B-BC2A-0BA94A02AFA7}
	EndProjectSection
EndProject
Project("{8BC9CEB8-8B4A-11D0-8D11-00A0C91BC942}") = "libtheora_static", "..\theora\win32\VS2010\libtheora\libtheora_static.vcxproj", "{653F3841-3F26-49B9-AFCF-091DB4B67031}"
	ProjectSection(ProjectDependencies) = postProject
		{AFF27A26-C088-444B-BC2A-0BA94A02AFA7} = {AFF27A26-C088-444B-BC2A-0BA94A02AFA7}
	EndProjectSection
EndProject
Project("{8BC9CEB8-8B4A-11D0-8D11-00A0C91BC942}") = "zlib", "..\libpng\projects\vstudio\zlib\zlib.vcxproj", "{60F89955-91C6-3A36-8000-13C592FEC2DF}"
EndProject
Project("{8BC9CEB8-8B4A-11D0-8D11-00A0C91BC942}") = "libpng", "..\libpng\projects\vstudio\libpng\libpng.vcxproj", "{D6973076-9317-4EF2-A0B8-B7A18AC0713E}"
	ProjectSection(ProjectDependencies) = postProject
		{60F89955-91C6-3A36-8000-13C592FEC2DF} = {60F89955-91C6-3A36-8000-13C592FEC2DF}
		{EB33566E-DA7F-4D28-9077-88C0B7C77E35} = {EB33566E-DA7F-4D28-9077-88C0B7C77E35}
	EndProjectSection
EndProject
Project("{8BC9CEB8-8B4A-11D0-8D11-00A0C91BC942}") = "pnglibconf", "..\libpng\projects\vstudio\pnglibconf\pnglibconf.vcxproj", "{EB33566E-DA7F-4D28-9077-88C0B7C77E35}"
EndProject
Global
	GlobalSection(SolutionConfigurationPlatforms) = preSolution
		Debug Library|Any CPU = Debug Library|Any CPU
		Debug Library|Win32 = Debug Library|Win32
		Debug Library|x64 = Debug Library|x64
		Debug|Any CPU = Debug|Any CPU
		Debug|Win32 = Debug|Win32
		Debug|x64 = Debug|x64
		DebugDLL|Any CPU = DebugDLL|Any CPU
		DebugDLL|Win32 = DebugDLL|Win32
		DebugDLL|x64 = DebugDLL|x64
		MinSizeRel|Any CPU = MinSizeRel|Any CPU
		MinSizeRel|Win32 = MinSizeRel|Win32
		MinSizeRel|x64 = MinSizeRel|x64
		Release Library|Any CPU = Release Library|Any CPU
		Release Library|Win32 = Release Library|Win32
		Release Library|x64 = Release Library|x64
		Release|Any CPU = Release|Any CPU
		Release|Win32 = Release|Win32
		Release|x64 = Release|x64
		ReleaseDLL|Any CPU = ReleaseDLL|Any CPU
		ReleaseDLL|Win32 = ReleaseDLL|Win32
		ReleaseDLL|x64 = ReleaseDLL|x64
		RelWithDebInfo|Any CPU = RelWithDebInfo|Any CPU
		RelWithDebInfo|Win32 = RelWithDebInfo|Win32
		RelWithDebInfo|x64 = RelWithDebInfo|x64
	EndGlobalSection
	GlobalSection(ProjectConfigurationPlatforms) = postSolution
		{8E252163-3F7D-47F7-8735-423F18E7C428}.Debug Library|Any CPU.ActiveCfg = Debug|Win32
		{8E252163-3F7D-47F7-8735-423F18E7C428}.Debug Library|Any CPU.Build.0 = Debug|Win32
		{8E252163-3F7D-47F7-8735-423F18E7C428}.Debug Library|Win32.ActiveCfg = Debug|Win32
		{8E252163-3F7D-47F7-8735-423F18E7C428}.Debug Library|Win32.Build.0 = Debug|Win32
		{8E252163-3F7D-47F7-8735-423F18E7C428}.Debug Library|x64.ActiveCfg = Debug|Win32
		{8E252163-3F7D-47F7-8735-423F18E7C428}.Debug Library|x64.Build.0 = Debug|Win32
		{8E252163-3F7D-47F7-8735-423F18E7C428}.Debug|Any CPU.ActiveCfg = Debug|Win32
		{8E252163-3F7D-47F7-8735-423F18E7C428}.Debug|Win32.ActiveCfg = Debug|Win32
		{8E252163-3F7D-47F7-8735-423F18E7C428}.Debug|Win32.Build.0 = Debug|Win32
		{8E252163-3F7D-47F7-8735-423F18E7C428}.Debug|x64.ActiveCfg = Debug|Win32
		{8E252163-3F7D-47F7-8735-423F18E7C428}.DebugDLL|Any CPU.ActiveCfg = Debug|Win32
		{8E252163-3F7D-47F7-8735-423F18E7C428}.DebugDLL|Any CPU.Build.0 = Debug|Win32
		{8E252163-3F7D-47F7-8735-423F18E7C428}.DebugDLL|Win32.ActiveCfg = Debug|Win32
		{8E252163-3F7D-47F7-8735-423F18E7C428}.DebugDLL|Win32.Build.0 = Debug|Win32
		{8E252163-3F7D-47F7-8735-423F18E7C428}.DebugDLL|x64.ActiveCfg = Debug|Win32
		{8E252163-3F7D-47F7-8735-423F18E7C428}.DebugDLL|x64.Build.0 = Debug|Win32
		{8E252163-3F7D-47F7-8735-423F18E7C428}.MinSizeRel|Any CPU.ActiveCfg = Debug|Win32
		{8E252163-3F7D-47F7-8735-423F18E7C428}.MinSizeRel|Any CPU.Build.0 = Debug|Win32
		{8E252163-3F7D-47F7-8735-423F18E7C428}.MinSizeRel|Win32.ActiveCfg = Debug|Win32
		{8E252163-3F7D-47F7-8735-423F18E7C428}.MinSizeRel|Win32.Build.0 = Debug|Win32
		{8E252163-3F7D-47F7-8735-423F18E7C428}.MinSizeRel|x64.ActiveCfg = Debug|Win32
		{8E252163-3F7D-47F7-8735-423F18E7C428}.MinSizeRel|x64.Build.0 = Debug|Win32
		{8E252163-3F7D-47F7-8735-423F18E7C428}.Release Library|Any CPU.ActiveCfg = Debug|Win32
		{8E252163-3F7D-47F7-8735-423F18E7C428}.Release Library|Any CPU.Build.0 = Debug|Win32
		{8E252163-3F7D-47F7-8735-423F18E7C428}.Release Library|Win32.ActiveCfg = Release|Win32
		{8E252163-3F7D-47F7-8735-423F18E7C428}.Release Library|Win32.Build.0 = Release|Win32
		{8E252163-3F7D-47F7-8735-423F18E7C428}.Release Library|x64.ActiveCfg = Debug|Win32
		{8E252163-3F7D-47F7-8735-423F18E7C428}.Release Library|x64.Build.0 = Debug|Win32
		{8E252163-3F7D-47F7-8735-423F18E7C428}.Release|Any CPU.ActiveCfg = Release|Win32
		{8E252163-3F7D-47F7-8735-423F18E7C428}.Release|Win32.ActiveCfg = Release|Win32
		{8E252163-3F7D-47F7-8735-423F18E7C428}.Release|Win32.Build.0 = Release|Win32
		{8E252163-3F7D-47F7-8735-423F18E7C428}.Release|x64.ActiveCfg = Release|Win32
		{8E252163-3F7D-47F7-8735-423F18E7C428}.ReleaseDLL|Any CPU.ActiveCfg = Debug|Win32
		{8E252163-3F7D-47F7-8735-423F18E7C428}.ReleaseDLL|Any CPU.Build.0 = Debug|Win32
		{8E252163-3F7D-47F7-8735-423F18E7C428}.ReleaseDLL|Win32.ActiveCfg = Release|Win32
		{8E252163-3F7D-47F7-8735-423F18E7C428}.ReleaseDLL|Win32.Build.0 = Release|Win32
		{8E252163-3F7D-47F7-8735-423F18E7C428}.ReleaseDLL|x64.ActiveCfg = Debug|Win32
		{8E252163-3F7D-47F7-8735-423F18E7C428}.ReleaseDLL|x64.Build.0 = Debug|Win32
		{8E252163-3F7D-47F7-8735-423F18E7C428}.RelWithDebInfo|Any CPU.ActiveCfg = Debug|Win32
		{8E252163-3F7D-47F7-8735-423F18E7C428}.RelWithDebInfo|Any CPU.Build.0 = Debug|Win32
		{8E252163-3F7D-47F7-8735-423F18E7C428}.RelWithDebInfo|Win32.ActiveCfg = Release|Win32
		{8E252163-3F7D-47F7-8735-423F18E7C428}.RelWithDebInfo|Win32.Build.0 = Release|Win32
		{8E252163-3F7D-47F7-8735-423F18E7C428}.RelWithDebInfo|x64.ActiveCfg = Debug|Win32
		{8E252163-3F7D-47F7-8735-423F18E7C428}.RelWithDebInfo|x64.Build.0 = Debug|Win32
		{9CECE182-4533-4CC5-A951-277E8838D2CA}.Debug Library|Any CPU.ActiveCfg = Debug|Win32
		{9CECE182-4533-4CC5-A951-277E8838D2CA}.Debug Library|Any CPU.Build.0 = Debug|Win32
		{9CECE182-4533-4CC5-A951-277E8838D2CA}.Debug Library|Win32.ActiveCfg = Debug|Win32
		{9CECE182-4533-4CC5-A951-277E8838D2CA}.Debug Library|Win32.Build.0 = Debug|Win32
		{9CECE182-4533-4CC5-A951-277E8838D2CA}.Debug Library|x64.ActiveCfg = Debug|Win32
		{9CECE182-4533-4CC5-A951-277E8838D2CA}.Debug Library|x64.Build.0 = Debug|Win32
		{9CECE182-4533-4CC5-A951-277E8838D2CA}.Debug|Any CPU.ActiveCfg = Debug|Win32
		{9CECE182-4533-4CC5-A951-277E8838D2CA}.Debug|Win32.ActiveCfg = Debug|Win32
		{9CECE182-4533-4CC5-A951-277E8838D2CA}.Debug|Win32.Build.0 = Debug|Win32
		{9CECE182-4533-4CC5-A951-277E8838D2CA}.Debug|x64.ActiveCfg = Debug|Win32
		{9CECE182-4533-4CC5-A951-277E8838D2CA}.DebugDLL|Any CPU.ActiveCfg = Debug|Win32
		{9CECE182-4533-4CC5-A951-277E8838D2CA}.DebugDLL|Any CPU.Build.0 = Debug|Win32
		{9CECE182-4533-4CC5-A951-277E8838D2CA}.DebugDLL|Win32.ActiveCfg = Debug|Win32
		{9CECE182-4533-4CC5-A951-277E8838D2CA}.DebugDLL|Win32.Build.0 = Debug|Win32
		{9CECE182-4533-4CC5-A951-277E8838D2CA}.DebugDLL|x64.ActiveCfg = Debug|Win32
		{9CECE182-4533-4CC5-A951-277E8838D2CA}.DebugDLL|x64.Build.0 = Debug|Win32
		{9CECE182-4533-4CC5-A951-277E8838D2CA}.MinSizeRel|Any CPU.ActiveCfg = Debug|Win32
		{9CECE182-4533-4CC5-A951-277E8838D2CA}.MinSizeRel|Any CPU.Build.0 = Debug|Win32
		{9CECE182-4533-4CC5-A951-277E8838D2CA}.MinSizeRel|Win32.ActiveCfg = Debug|Win32
		{9CECE182-4533-4CC5-A951-277E8838D2CA}.MinSizeRel|Win32.Build.0 = Debug|Win32
		{9CECE182-4533-4CC5-A951-277E8838D2CA}.MinSizeRel|x64.ActiveCfg = Debug|Win32
		{9CECE182-4533-4CC5-A951-277E8838D2CA}.MinSizeRel|x64.Build.0 = Debug|Win32
		{9CECE182-4533-4CC5-A951-277E8838D2CA}.Release Library|Any CPU.ActiveCfg = Debug|Win32
		{9CECE182-4533-4CC5-A951-277E8838D2CA}.Release Library|Any CPU.Build.0 = Debug|Win32
		{9CECE182-4533-4CC5-A951-277E8838D2CA}.Release Library|Win32.ActiveCfg = Release|Win32
		{9CECE182-4533-4CC5-A951-277E8838D2CA}.Release Library|Win32.Build.0 = Release|Win32
		{9CECE182-4533-4CC5-A951-277E8838D2CA}.Release Library|x64.ActiveCfg = Debug|Win32
		{9CECE182-4533-4CC5-A951-277E8838D2CA}.Release Library|x64.Build.0 = Debug|Win32
		{9CECE182-4533-4CC5-A951-277E8838D2CA}.Release|Any CPU.ActiveCfg = Release|Win32
		{9CECE182-4533-4CC5-A951-277E8838D2CA}.Release|Win32.ActiveCfg = Release|Win32
		{9CECE182-4533-4CC5-A951-277E8838D2CA}.Release|Win32.Build.0 = Release|Win32
		{9CECE182-4533-4CC5-A951-277E8838D2CA}.Release|x64.ActiveCfg = Release|Win32
		{9CECE182-4533-4CC5-A951-277E8838D2CA}.ReleaseDLL|Any CPU.ActiveCfg = Debug|Win32
		{9CECE182-4533-4CC5-A951-277E8838D2CA}.ReleaseDLL|Any CPU.Build.0 = Debug|Win32
		{9CECE182-4533-4CC5-A951-277E8838D2CA}.ReleaseDLL|Win32.ActiveCfg = Release|Win32
		{9CECE182-4533-4CC5-A951-277E8838D2CA}.ReleaseDLL|Win32.Build.0 = Release|Win32
		{9CECE182-4533-4CC5-A951-277E8838D2CA}.ReleaseDLL|x64.ActiveCfg = Debug|Win32
		{9CECE182-4533-4CC5-A951-277E8838D2CA}.ReleaseDLL|x64.Build.0 = Debug|Win32
		{9CECE182-4533-4CC5-A951-277E8838D2CA}.RelWithDebInfo|Any CPU.ActiveCfg = Debug|Win32
		{9CECE182-4533-4CC5-A951-277E8838D2CA}.RelWithDebInfo|Any CPU.Build.0 = Debug|Win32
		{9CECE182-4533-4CC5-A951-277E8838D2CA}.RelWithDebInfo|Win32.ActiveCfg = Release|Win32
		{9CECE182-4533-4CC5-A951-277E8838D2CA}.RelWithDebInfo|Win32.Build.0 = Release|Win32
		{9CECE182-4533-4CC5-A951-277E8838D2CA}.RelWithDebInfo|x64.ActiveCfg = Debug|Win32
		{9CECE182-4533-4CC5-A951-277E8838D2CA}.RelWithDebInfo|x64.Build.0 = Debug|Win32
		{58B30809-48AC-40C1-9FEE-D81871F27BA2}.Debug Library|Any CPU.ActiveCfg = Debug|Win32
		{58B30809-48AC-40C1-9FEE-D81871F27BA2}.Debug Library|Any CPU.Build.0 = Debug|Win32
		{58B30809-48AC-40C1-9FEE-D81871F27BA2}.Debug Library|Win32.ActiveCfg = Debug|Win32
		{58B30809-48AC-40C1-9FEE-D81871F27BA2}.Debug Library|Win32.Build.0 = Debug|Win32
		{58B30809-48AC-40C1-9FEE-D81871F27BA2}.Debug Library|x64.ActiveCfg = Debug|Win32
		{58B30809-48AC-40C1-9FEE-D81871F27BA2}.Debug Library|x64.Build.0 = Debug|Win32
		{58B30809-48AC-40C1-9FEE-D81871F27BA2}.Debug|Any CPU.ActiveCfg = Debug|Win32
		{58B30809-48AC-40C1-9FEE-D81871F27BA2}.Debug|Win32.ActiveCfg = Debug|Win32
		{58B30809-48AC-40C1-9FEE-D81871F27BA2}.Debug|Win32.Build.0 = Debug|Win32
		{58B30809-48AC-40C1-9FEE-D81871F27BA2}.Debug|x64.ActiveCfg = Debug|Win32
		{58B30809-48AC-40C1-9FEE-D81871F27BA2}.DebugDLL|Any CPU.ActiveCfg = Debug|Win32
		{58B30809-48AC-40C1-9FEE-D81871F27BA2}.DebugDLL|Any CPU.Build.0 = Debug|Win32
		{58B30809-48AC-40C1-9FEE-D81871F27BA2}.DebugDLL|Win32.ActiveCfg = Debug|Win32
		{58B30809-48AC-40C1-9FEE-D81871F27BA2}.DebugDLL|Win32.Build.0 = Debug|Win32
		{58B30809-48AC-40C1-9FEE-D81871F27BA2}.DebugDLL|x64.ActiveCfg = Debug|Win32
		{58B30809-48AC-40C1-9FEE-D81871F27BA2}.DebugDLL|x64.Build.0 = Debug|Win32
		{58B30809-48AC-40C1-9FEE-D81871F27BA2}.MinSizeRel|Any CPU.ActiveCfg = Debug|Win32
		{58B30809-48AC-40C1-9FEE-D81871F27BA2}.MinSizeRel|Any CPU.Build.0 = Debug|Win32
		{58B30809-48AC-40C1-9FEE-D81871F27BA2}.MinSizeRel|Win32.ActiveCfg = Debug|Win32
		{58B30809-48AC-40C1-9FEE-D81871F27BA2}.MinSizeRel|Win32.Build.0 = Debug|Win32
		{58B30809-48AC-40C1-9FEE-D81871F27BA2}.MinSizeRel|x64.ActiveCfg = Debug|Win32
		{58B30809-48AC-40C1-9FEE-D81871F27BA2}.MinSizeRel|x64.Build.0 = Debug|Win32
		{58B30809-48AC-40C1-9FEE-D81871F27BA2}.Release Library|Any CPU.ActiveCfg = Debug|Win32
		{58B30809-48AC-40C1-9FEE-D81871F27BA2}.Release Library|Any CPU.Build.0 = Debug|Win32
		{58B30809-48AC-40C1-9FEE-D81871F27BA2}.Release Library|Win32.ActiveCfg = Release|Win32
		{58B30809-48AC-40C1-9FEE-D81871F27BA2}.Release Library|Win32.Build.0 = Release|Win32
		{58B30809-48AC-40C1-9FEE-D81871F27BA2}.Release Library|x64.ActiveCfg = Debug|Win32
		{58B30809-48AC-40C1-9FEE-D81871F27BA2}.Release Library|x64.Build.0 = Debug|Win32
		{58B30809-48AC-40C1-9FEE-D81871F27BA2}.Release|Any CPU.ActiveCfg = Release|Win32
		{58B30809-48AC-40C1-9FEE-D81871F27BA2}.Release|Win32.ActiveCfg = Release|Win32
		{58B30809-48AC-40C1-9FEE-D81871F27BA2}.Release|Win32.Build.0 = Release|Win32
		{58B30809-48AC-40C1-9FEE-D81871F27BA2}.Release|x64.ActiveCfg = Release|Win32
		{58B30809-48AC-40C1-9FEE-D81871F27BA2}.ReleaseDLL|Any CPU.ActiveCfg = Debug|Win32
		{58B30809-48AC-40C1-9FEE-D81871F27BA2}.ReleaseDLL|Any CPU.Build.0 = Debug|Win32
		{58B30809-48AC-40C1-9FEE-D81871F27BA2}.ReleaseDLL|Win32.ActiveCfg = Release|Win32
		{58B30809-48AC-40C1-9FEE-D81871F27BA2}.ReleaseDLL|Win32.Build.0 = Release|Win32
		{58B30809-48AC-40C1-9FEE-D81871F27BA2}.ReleaseDLL|x64.ActiveCfg = Debug|Win32
		{58B30809-48AC-40C1-9FEE-D81871F27BA2}.ReleaseDLL|x64.Build.0 = Debug|Win32
		{58B30809-48AC-40C1-9FEE-D81871F27BA2}.RelWithDebInfo|Any CPU.ActiveCfg = Debug|Win32
		{58B30809-48AC-40C1-9FEE-D81871F27BA2}.RelWithDebInfo|Any CPU.Build.0 = Debug|Win32
		{58B30809-48AC-40C1-9FEE-D81871F27BA2}.RelWithDebInfo|Win32.ActiveCfg = Release|Win32
		{58B30809-48AC-40C1-9FEE-D81871F27BA2}.RelWithDebInfo|Win32.Build.0 = Release|Win32
		{58B30809-48AC-40C1-9FEE-D81871F27BA2}.RelWithDebInfo|x64.ActiveCfg = Debug|Win32
		{58B30809-48AC-40C1-9FEE-D81871F27BA2}.RelWithDebInfo|x64.Build.0 = Debug|Win32
		{31E1282C-614B-4CE6-9C20-874EB7246F8C}.Debug Library|Any CPU.ActiveCfg = Debug|Win32
		{31E1282C-614B-4CE6-9C20-874EB7246F8C}.Debug Library|Any CPU.Build.0 = Debug|Win32
		{31E1282C-614B-4CE6-9C20-874EB7246F8C}.Debug Library|Win32.ActiveCfg = Debug|Win32
		{31E1282C-614B-4CE6-9C20-874EB7246F8C}.Debug Library|Win32.Build.0 = Debug|Win32
		{31E1282C-614B-4CE6-9C20-874EB7246F8C}.Debug Library|x64.ActiveCfg = Debug|Win32
		{31E1282C-614B-4CE6-9C20-874EB7246F8C}.Debug Library|x64.Build.0 = Debug|Win32
		{31E1282C-614B-4CE6-9C20-874EB7246F8C}.Debug|Any CPU.ActiveCfg = Debug|Win32
		{31E1282C-614B-4CE6-9C20-874EB7246F8C}.Debug|Win32.ActiveCfg = Debug|Win32
		{31E1282C-614B-4CE6-9C20-874EB7246F8C}.Debug|Win32.Build.0 = Debug|Win32
		{31E1282C-614B-4CE6-9C20-874EB7246F8C}.Debug|x64.ActiveCfg = Debug|Win32
		{31E1282C-614B-4CE6-9C20-874EB7246F8C}.DebugDLL|Any CPU.ActiveCfg = Debug|Win32
		{31E1282C-614B-4CE6-9C20-874EB7246F8C}.DebugDLL|Any CPU.Build.0 = Debug|Win32
		{31E1282C-614B-4CE6-9C20-874EB7246F8C}.DebugDLL|Win32.ActiveCfg = Debug|Win32
		{31E1282C-614B-4CE6-9C20-874EB7246F8C}.DebugDLL|Win32.Build.0 = Debug|Win32
		{31E1282C-614B-4CE6-9C20-874EB7246F8C}.DebugDLL|x64.ActiveCfg = Debug|Win32
		{31E1282C-614B-4CE6-9C20-874EB7246F8C}.DebugDLL|x64.Build.0 = Debug|Win32
		{31E1282C-614B-4CE6-9C20-874EB7246F8C}.MinSizeRel|Any CPU.ActiveCfg = Debug|Win32
		{31E1282C-614B-4CE6-9C20-874EB7246F8C}.MinSizeRel|Any CPU.Build.0 = Debug|Win32
		{31E1282C-614B-4CE6-9C20-874EB7246F8C}.MinSizeRel|Win32.ActiveCfg = Debug|Win32
		{31E1282C-614B-4CE6-9C20-874EB7246F8C}.MinSizeRel|Win32.Build.0 = Debug|Win32
		{31E1282C-614B-4CE6-9C20-874EB7246F8C}.MinSizeRel|x64.ActiveCfg = Debug|Win32
		{31E1282C-614B-4CE6-9C20-874EB7246F8C}.MinSizeRel|x64.Build.0 = Debug|Win32
		{31E1282C-614B-4CE6-9C20-874EB7246F8C}.Release Library|Any CPU.ActiveCfg = Debug|Win32
		{31E1282C-614B-4CE6-9C20-874EB7246F8C}.Release Library|Any CPU.Build.0 = Debug|Win32
		{31E1282C-614B-4CE6-9C20-874EB7246F8C}.Release Library|Win32.ActiveCfg = Release|Win32
		{31E1282C-614B-4CE6-9C20-874EB7246F8C}.Release Library|Win32.Build.0 = Release|Win32
		{31E1282C-614B-4CE6-9C20-874EB7246F8C}.Release Library|x64.ActiveCfg = Debug|Win32
		{31E1282C-614B-4CE6-9C20-874EB7246F8C}.Release Library|x64.Build.0 = Debug|Win32
		{31E1282C-614B-4CE6-9C20-874EB7246F8C}.Release|Any CPU.ActiveCfg = Release|Win32
		{31E1282C-614B-4CE6-9C20-874EB7246F8C}.Release|Win32.ActiveCfg = Release|Win32
		{31E1282C-614B-4CE6-9C20-874EB7246F8C}.Release|Win32.Build.0 = Release|Win32
		{31E1282C-614B-4CE6-9C20-874EB7246F8C}.Release|x64.ActiveCfg = Release|Win32
		{31E1282C-614B-4CE6-9C20-874EB7246F8C}.ReleaseDLL|Any CPU.ActiveCfg = Debug|Win32
		{31E1282C-614B-4CE6-9C20-874EB7246F8C}.ReleaseDLL|Any CPU.Build.0 = Debug|Win32
		{31E1282C-614B-4CE6-9C20-874EB7246F8C}.ReleaseDLL|Win32.ActiveCfg = Release|Win32
		{31E1282C-614B-4CE6-9C20-874EB7246F8C}.ReleaseDLL|Win32.Build.0 = Release|Win32
		{31E1282C-614B-4CE6-9C20-874EB7246F8C}.ReleaseDLL|x64.ActiveCfg = Debug|Win32
		{31E1282C-614B-4CE6-9C20-874EB7246F8C}.ReleaseDLL|x64.Build.0 = Debug|Win32
		{31E1282C-614B-4CE6-9C20-874EB7246F8C}.RelWithDebInfo|Any CPU.ActiveCfg = Debug|Win32
		{31E1282C-614B-4CE6-9C20-874EB7246F8C}.RelWithDebInfo|Any CPU.Build.0 = Debug|Win32
		{31E1282C-614B-4CE6-9C20-874EB7246F8C}.RelWithDebInfo|Win32.ActiveCfg = Release|Win32
		{31E1282C-614B-4CE6-9C20-874EB7246F8C}.RelWithDebInfo|Win32.Build.0 = Release|Win32
		{31E1282C-614B-4CE6-9C20-874EB7246F8C}.RelWithDebInfo|x64.ActiveCfg = Debug|Win32
		{31E1282C-614B-4CE6-9C20-874EB7246F8C}.RelWithDebInfo|x64.Build.0 = Debug|Win32
		{C2E7D721-A419-49DF-8ABA-41BF39E5322C}.Debug Library|Any CPU.ActiveCfg = Debug|Win32
		{C2E7D721-A419-49DF-8ABA-41BF39E5322C}.Debug Library|Any CPU.Build.0 = Debug|Win32
		{C2E7D721-A419-49DF-8ABA-41BF39E5322C}.Debug Library|Win32.ActiveCfg = Debug|Win32
		{C2E7D721-A419-49DF-8ABA-41BF39E5322C}.Debug Library|Win32.Build.0 = Debug|Win32
		{C2E7D721-A419-49DF-8ABA-41BF39E5322C}.Debug Library|x64.ActiveCfg = Debug|Win32
		{C2E7D721-A419-49DF-8ABA-41BF39E5322C}.Debug Library|x64.Build.0 = Debug|Win32
		{C2E7D721-A419-49DF-8ABA-41BF39E5322C}.Debug|Any CPU.ActiveCfg = Debug|Win32
		{C2E7D721-A419-49DF-8ABA-41BF39E5322C}.Debug|Win32.ActiveCfg = Debug|Win32
		{C2E7D721-A419-49DF-8ABA-41BF39E5322C}.Debug|Win32.Build.0 = Debug|Win32
		{C2E7D721-A419-49DF-8ABA-41BF39E5322C}.Debug|x64.ActiveCfg = Debug|Win32
		{C2E7D721-A419-49DF-8ABA-41BF39E5322C}.DebugDLL|Any CPU.ActiveCfg = Debug|Win32
		{C2E7D721-A419-49DF-8ABA-41BF39E5322C}.DebugDLL|Any CPU.Build.0 = Debug|Win32
		{C2E7D721-A419-49DF-8ABA-41BF39E5322C}.DebugDLL|Win32.ActiveCfg = Debug|Win32
		{C2E7D721-A419-49DF-8ABA-41BF39E5322C}.DebugDLL|Win32.Build.0 = Debug|Win32
		{C2E7D721-A419-49DF-8ABA-41BF39E5322C}.DebugDLL|x64.ActiveCfg = Debug|Win32
		{C2E7D721-A419-49DF-8ABA-41BF39E5322C}.DebugDLL|x64.Build.0 = Debug|Win32
		{C2E7D721-A419-49DF-8ABA-41BF39E5322C}.MinSizeRel|Any CPU.ActiveCfg = Debug|Win32
		{C2E7D721-A419-49DF-8ABA-41BF39E5322C}.MinSizeRel|Any CPU.Build.0 = Debug|Win32
		{C2E7D721-A419-49DF-8ABA-41BF39E5322C}.MinSizeRel|Win32.ActiveCfg = Debug|Win32
		{C2E7D721-A419-49DF-8ABA-41BF39E5322C}.MinSizeRel|Win32.Build.0 = Debug|Win32
		{C2E7D721-A419-49DF-8ABA-41BF39E5322C}.MinSizeRel|x64.ActiveCfg = Debug|Win32
		{C2E7D721-A419-49DF-8ABA-41BF39E5322C}.MinSizeRel|x64.Build.0 = Debug|Win32
		{C2E7D721-A419-49DF-8ABA-41BF39E5322C}.Release Library|Any CPU.ActiveCfg = Debug|Win32
		{C2E7D721-A419-49DF-8ABA-41BF39E5322C}.Release Library|Any CPU.Build.0 = Debug|Win32
		{C2E7D721-A419-49DF-8ABA-41BF39E5322C}.Release Library|Win32.ActiveCfg = Release|Win32
		{C2E7D721-A419-49DF-8ABA-41BF39E5322C}.Release Library|Win32.Build.0 = Release|Win32
		{C2E7D721-A419-49DF-8ABA-41BF39E5322C}.Release Library|x64.ActiveCfg = Debug|Win32
		{C2E7D721-A419-49DF-8ABA-41BF39E5322C}.Release Library|x64.Build.0 = Debug|Win32
		{C2E7D721-A419-49DF-8ABA-41BF39E5322C}.Release|Any CPU.ActiveCfg = Release|Win32
		{C2E7D721-A419-49DF-8ABA-41BF39E5322C}.Release|Win32.ActiveCfg = Release|Win32
		{C2E7D721-A419-49DF-8ABA-41BF39E5322C}.Release|Win32.Build.0 = Release|Win32
		{C2E7D721-A419-49DF-8ABA-41BF39E5322C}.Release|x64.ActiveCfg = Release|Win32
		{C2E7D721-A419-49DF-8ABA-41BF39E5322C}.ReleaseDLL|Any CPU.ActiveCfg = Debug|Win32
		{C2E7D721-A419-49DF-8ABA-41BF39E5322C}.ReleaseDLL|Any CPU.Build.0 = Debug|Win32
		{C2E7D721-A419-49DF-8ABA-41BF39E5322C}.ReleaseDLL|Win32.ActiveCfg = Release|Win32
		{C2E7D721-A419-49DF-8ABA-41BF39E5322C}.ReleaseDLL|Win32.Build.0 = Release|Win32
		{C2E7D721-A419-49DF-8ABA-41BF39E5322C}.ReleaseDLL|x64.ActiveCfg = Debug|Win32
		{C2E7D721-A419-49DF-8ABA-41BF39E5322C}.ReleaseDLL|x64.Build.0 = Debug|Win32
		{C2E7D721-A419-49DF-8ABA-41BF39E5322C}.RelWithDebInfo|Any CPU.ActiveCfg = Debug|Win32
		{C2E7D721-A419-49DF-8ABA-41BF39E5322C}.RelWithDebInfo|Any CPU.Build.0 = Debug|Win32
		{C2E7D721-A419-49DF-8ABA-41BF39E5322C}.RelWithDebInfo|Win32.ActiveCfg = Release|Win32
		{C2E7D721-A419-49DF-8ABA-41BF39E5322C}.RelWithDebInfo|Win32.Build.0 = Release|Win32
		{C2E7D721-A419-49DF-8ABA-41BF39E5322C}.RelWithDebInfo|x64.ActiveCfg = Debug|Win32
		{C2E7D721-A419-49DF-8ABA-41BF39E5322C}.RelWithDebInfo|x64.Build.0 = Debug|Win32
		{17DBBEC1-A7D4-41F0-B7D3-BAFF66E7A7E7}.Debug Library|Any CPU.ActiveCfg = Debug|Win32
		{17DBBEC1-A7D4-41F0-B7D3-BAFF66E7A7E7}.Debug Library|Any CPU.Build.0 = Debug|Win32
		{17DBBEC1-A7D4-41F0-B7D3-BAFF66E7A7E7}.Debug Library|Win32.ActiveCfg = Debug|Win32
		{17DBBEC1-A7D4-41F0-B7D3-BAFF66E7A7E7}.Debug Library|Win32.Build.0 = Debug|Win32
		{17DBBEC1-A7D4-41F0-B7D3-BAFF66E7A7E7}.Debug Library|x64.ActiveCfg = Debug|Win32
		{17DBBEC1-A7D4-41F0-B7D3-BAFF66E7A7E7}.Debug Library|x64.Build.0 = Debug|Win32
		{17DBBEC1-A7D4-41F0-B7D3-BAFF66E7A7E7}.Debug|Any CPU.ActiveCfg = Debug|Win32
		{17DBBEC1-A7D4-41F0-B7D3-BAFF66E7A7E7}.Debug|Win32.ActiveCfg = Debug|Win32
		{17DBBEC1-A7D4-41F0-B7D3-BAFF66E7A7E7}.Debug|Win32.Build.0 = Debug|Win32
		{17DBBEC1-A7D4-41F0-B7D3-BAFF66E7A7E7}.Debug|x64.ActiveCfg = Debug|Win32
		{17DBBEC1-A7D4-41F0-B7D3-BAFF66E7A7E7}.DebugDLL|Any CPU.ActiveCfg = Debug|Win32
		{17DBBEC1-A7D4-41F0-B7D3-BAFF66E7A7E7}.DebugDLL|Any CPU.Build.0 = Debug|Win32
		{17DBBEC1-A7D4-41F0-B7D3-BAFF66E7A7E7}.DebugDLL|Win32.ActiveCfg = Debug|Win32
		{17DBBEC1-A7D4-41F0-B7D3-BAFF66E7A7E7}.DebugDLL|Win32.Build.0 = Debug|Win32
		{17DBBEC1-A7D4-41F0-B7D3-BAFF66E7A7E7}.DebugDLL|x64.ActiveCfg = Debug|Win32
		{17DBBEC1-A7D4-41F0-B7D3-BAFF66E7A7E7}.DebugDLL|x64.Build.0 = Debug|Win32
		{17DBBEC1-A7D4-41F0-B7D3-BAFF66E7A7E7}.MinSizeRel|Any CPU.ActiveCfg = Debug|Win32
		{17DBBEC1-A7D4-41F0-B7D3-BAFF66E7A7E7}.MinSizeRel|Any CPU.Build.0 = Debug|Win32
		{17DBBEC1-A7D4-41F0-B7D3-BAFF66E7A7E7}.MinSizeRel|Win32.ActiveCfg = Debug|Win32
		{17DBBEC1-A7D4-41F0-B7D3-BAFF66E7A7E7}.MinSizeRel|Win32.Build.0 = Debug|Win32
		{17DBBEC1-A7D4-41F0-B7D3-BAFF66E7A7E7}.MinSizeRel|x64.ActiveCfg = Debug|Win32
		{17DBBEC1-A7D4-41F0-B7D3-BAFF66E7A7E7}.MinSizeRel|x64.Build.0 = Debug|Win32
		{17DBBEC1-A7D4-41F0-B7D3-BAFF66E7A7E7}.Release Library|Any CPU.ActiveCfg = Debug|Win32
		{17DBBEC1-A7D4-41F0-B7D3-BAFF66E7A7E7}.Release Library|Any CPU.Build.0 = Debug|Win32
		{17DBBEC1-A7D4-41F0-B7D3-BAFF66E7A7E7}.Release Library|Win32.ActiveCfg = Release|Win32
		{17DBBEC1-A7D4-41F0-B7D3-BAFF66E7A7E7}.Release Library|Win32.Build.0 = Release|Win32
		{17DBBEC1-A7D4-41F0-B7D3-BAFF66E7A7E7}.Release Library|x64.ActiveCfg = Debug|Win32
		{17DBBEC1-A7D4-41F0-B7D3-BAFF66E7A7E7}.Release Library|x64.Build.0 = Debug|Win32
		{17DBBEC1-A7D4-41F0-B7D3-BAFF66E7A7E7}.Release|Any CPU.ActiveCfg = Release|Win32
		{17DBBEC1-A7D4-41F0-B7D3-BAFF66E7A7E7}.Release|Win32.ActiveCfg = Release|Win32
		{17DBBEC1-A7D4-41F0-B7D3-BAFF66E7A7E7}.Release|Win32.Build.0 = Release|Win32
		{17DBBEC1-A7D4-41F0-B7D3-BAFF66E7A7E7}.Release|x64.ActiveCfg = Release|Win32
		{17DBBEC1-A7D4-41F0-B7D3-BAFF66E7A7E7}.ReleaseDLL|Any CPU.ActiveCfg = Debug|Win32
		{17DBBEC1-A7D4-41F0-B7D3-BAFF66E7A7E7}.ReleaseDLL|Any CPU.Build.0 = Debug|Win32
		{17DBBEC1-A7D4-41F0-B7D3-BAFF66E7A7E7}.ReleaseDLL|Win32.ActiveCfg = Release|Win32
		{17DBBEC1-A7D4-41F0-B7D3-BAFF66E7A7E7}.ReleaseDLL|Win32.Build.0 = Release|Win32
		{17DBBEC1-A7D4-41F0-B7D3-BAFF66E7A7E7}.ReleaseDLL|x64.ActiveCfg = Debug|Win32
		{17DBBEC1-A7D4-41F0-B7D3-BAFF66E7A7E7}.ReleaseDLL|x64.Build.0 = Debug|Win32
		{17DBBEC1-A7D4-41F0-B7D3-BAFF66E7A7E7}.RelWithDebInfo|Any CPU.ActiveCfg = Debug|Win32
		{17DBBEC1-A7D4-41F0-B7D3-BAFF66E7A7E7}.RelWithDebInfo|Any CPU.Build.0 = Debug|Win32
		{17DBBEC1-A7D4-41F0-B7D3-BAFF66E7A7E7}.RelWithDebInfo|Win32.ActiveCfg = Release|Win32
		{17DBBEC1-A7D4-41F0-B7D3-BAFF66E7A7E7}.RelWithDebInfo|Win32.Build.0 = Release|Win32
		{17DBBEC1-A7D4-41F0-B7D3-BAFF66E7A7E7}.RelWithDebInfo|x64.ActiveCfg = Debug|Win32
		{17DBBEC1-A7D4-41F0-B7D3-BAFF66E7A7E7}.RelWithDebInfo|x64.Build.0 = Debug|Win32
		{5E24FF37-D929-4517-B6FE-61FE77D2ADA1}.Debug Library|Any CPU.ActiveCfg = Debug|Any CPU
		{5E24FF37-D929-4517-B6FE-61FE77D2ADA1}.Debug Library|Any CPU.Build.0 = Debug|Any CPU
		{5E24FF37-D929-4517-B6FE-61FE77D2ADA1}.Debug Library|Win32.ActiveCfg = Debug|Any CPU
		{5E24FF37-D929-4517-B6FE-61FE77D2ADA1}.Debug Library|Win32.Build.0 = Debug|Any CPU
		{5E24FF37-D929-4517-B6FE-61FE77D2ADA1}.Debug Library|x64.ActiveCfg = Debug|Any CPU
		{5E24FF37-D929-4517-B6FE-61FE77D2ADA1}.Debug Library|x64.Build.0 = Debug|Any CPU
		{5E24FF37-D929-4517-B6FE-61FE77D2ADA1}.Debug|Any CPU.ActiveCfg = Debug|Any CPU
		{5E24FF37-D929-4517-B6FE-61FE77D2ADA1}.Debug|Any CPU.Build.0 = Debug|Any CPU
		{5E24FF37-D929-4517-B6FE-61FE77D2ADA1}.Debug|Win32.ActiveCfg = Debug|Any CPU
		{5E24FF37-D929-4517-B6FE-61FE77D2ADA1}.Debug|Win32.Build.0 = Debug|Any CPU
		{5E24FF37-D929-4517-B6FE-61FE77D2ADA1}.Debug|x64.ActiveCfg = Debug|Any CPU
		{5E24FF37-D929-4517-B6FE-61FE77D2ADA1}.Debug|x64.Build.0 = Debug|Any CPU
		{5E24FF37-D929-4517-B6FE-61FE77D2ADA1}.DebugDLL|Any CPU.ActiveCfg = Debug|Any CPU
		{5E24FF37-D929-4517-B6FE-61FE77D2ADA1}.DebugDLL|Any CPU.Build.0 = Debug|Any CPU
		{5E24FF37-D929-4517-B6FE-61FE77D2ADA1}.DebugDLL|Win32.ActiveCfg = Debug|Any CPU
		{5E24FF37-D929-4517-B6FE-61FE77D2ADA1}.DebugDLL|Win32.Build.0 = Debug|Any CPU
		{5E24FF37-D929-4517-B6FE-61FE77D2ADA1}.DebugDLL|x64.ActiveCfg = Debug|Any CPU
		{5E24FF37-D929-4517-B6FE-61FE77D2ADA1}.DebugDLL|x64.Build.0 = Debug|Any CPU
		{5E24FF37-D929-4517-B6FE-61FE77D2ADA1}.MinSizeRel|Any CPU.ActiveCfg = Debug|Any CPU
		{5E24FF37-D929-4517-B6FE-61FE77D2ADA1}.MinSizeRel|Any CPU.Build.0 = Debug|Any CPU
		{5E24FF37-D929-4517-B6FE-61FE77D2ADA1}.MinSizeRel|Win32.ActiveCfg = Debug|Any CPU
		{5E24FF37-D929-4517-B6FE-61FE77D2ADA1}.MinSizeRel|Win32.Build.0 = Debug|Any CPU
		{5E24FF37-D929-4517-B6FE-61FE77D2ADA1}.MinSizeRel|x64.ActiveCfg = Debug|Any CPU
		{5E24FF37-D929-4517-B6FE-61FE77D2ADA1}.MinSizeRel|x64.Build.0 = Debug|Any CPU
		{5E24FF37-D929-4517-B6FE-61FE77D2ADA1}.Release Library|Any CPU.ActiveCfg = Release|Any CPU
		{5E24FF37-D929-4517-B6FE-61FE77D2ADA1}.Release Library|Any CPU.Build.0 = Release|Any CPU
		{5E24FF37-D929-4517-B6FE-61FE77D2ADA1}.Release Library|Win32.ActiveCfg = Release|Any CPU
		{5E24FF37-D929-4517-B6FE-61FE77D2ADA1}.Release Library|Win32.Build.0 = Release|Any CPU
		{5E24FF37-D929-4517-B6FE-61FE77D2ADA1}.Release Library|x64.ActiveCfg = Release|Any CPU
		{5E24FF37-D929-4517-B6FE-61FE77D2ADA1}.Release Library|x64.Build.0 = Release|Any CPU
		{5E24FF37-D929-4517-B6FE-61FE77D2ADA1}.Release|Any CPU.ActiveCfg = Release|Any CPU
		{5E24FF37-D929-4517-B6FE-61FE77D2ADA1}.Release|Any CPU.Build.0 = Release|Any CPU
		{5E24FF37-D929-4517-B6FE-61FE77D2ADA1}.Release|Win32.ActiveCfg = Release|Any CPU
		{5E24FF37-D929-4517-B6FE-61FE77D2ADA1}.Release|Win32.Build.0 = Release|Any CPU
		{5E24FF37-D929-4517-B6FE-61FE77D2ADA1}.Release|x64.ActiveCfg = Release|Any CPU
		{5E24FF37-D929-4517-B6FE-61FE77D2ADA1}.Release|x64.Build.0 = Release|Any CPU
		{5E24FF37-D929-4517-B6FE-61FE77D2ADA1}.ReleaseDLL|Any CPU.ActiveCfg = Release|Any CPU
		{5E24FF37-D929-4517-B6FE-61FE77D2ADA1}.ReleaseDLL|Any CPU.Build.0 = Release|Any CPU
		{5E24FF37-D929-4517-B6FE-61FE77D2ADA1}.ReleaseDLL|Win32.ActiveCfg = Release|Any CPU
		{5E24FF37-D929-4517-B6FE-61FE77D2ADA1}.ReleaseDLL|Win32.Build.0 = Release|Any CPU
		{5E24FF37-D929-4517-B6FE-61FE77D2ADA1}.ReleaseDLL|x64.ActiveCfg = Release|Any CPU
		{5E24FF37-D929-4517-B6FE-61FE77D2ADA1}.ReleaseDLL|x64.Build.0 = Release|Any CPU
		{5E24FF37-D929-4517-B6FE-61FE77D2ADA1}.RelWithDebInfo|Any CPU.ActiveCfg = Release|Any CPU
		{5E24FF37-D929-4517-B6FE-61FE77D2ADA1}.RelWithDebInfo|Any CPU.Build.0 = Release|Any CPU
		{5E24FF37-D929-4517-B6FE-61FE77D2ADA1}.RelWithDebInfo|Win32.ActiveCfg = Release|Any CPU
		{5E24FF37-D929-4517-B6FE-61FE77D2ADA1}.RelWithDebInfo|Win32.Build.0 = Release|Any CPU
		{5E24FF37-D929-4517-B6FE-61FE77D2ADA1}.RelWithDebInfo|x64.ActiveCfg = Release|Any CPU
		{5E24FF37-D929-4517-B6FE-61FE77D2ADA1}.RelWithDebInfo|x64.Build.0 = Release|Any CPU
		{DAA25F59-2B60-422E-9AF6-BE56CF70DA99}.Debug Library|Any CPU.ActiveCfg = Release|x64
		{DAA25F59-2B60-422E-9AF6-BE56CF70DA99}.Debug Library|Any CPU.Build.0 = Release|x64
		{DAA25F59-2B60-422E-9AF6-BE56CF70DA99}.Debug Library|Win32.ActiveCfg = Debug|Win32
		{DAA25F59-2B60-422E-9AF6-BE56CF70DA99}.Debug Library|Win32.Build.0 = Debug|Win32
		{DAA25F59-2B60-422E-9AF6-BE56CF70DA99}.Debug Library|x64.ActiveCfg = Debug|x64
		{DAA25F59-2B60-422E-9AF6-BE56CF70DA99}.Debug Library|x64.Build.0 = Debug|x64
		{DAA25F59-2B60-422E-9AF6-BE56CF70DA99}.Debug|Any CPU.ActiveCfg = Debug|Win32
		{DAA25F59-2B60-422E-9AF6-BE56CF70DA99}.Debug|Win32.ActiveCfg = Debug|Win32
		{DAA25F59-2B60-422E-9AF6-BE56CF70DA99}.Debug|Win32.Build.0 = Debug|Win32
		{DAA25F59-2B60-422E-9AF6-BE56CF70DA99}.Debug|x64.ActiveCfg = Debug|x64
		{DAA25F59-2B60-422E-9AF6-BE56CF70DA99}.Debug|x64.Build.0 = Debug|x64
		{DAA25F59-2B60-422E-9AF6-BE56CF70DA99}.DebugDLL|Any CPU.ActiveCfg = Release|x64
		{DAA25F59-2B60-422E-9AF6-BE56CF70DA99}.DebugDLL|Any CPU.Build.0 = Release|x64
		{DAA25F59-2B60-422E-9AF6-BE56CF70DA99}.DebugDLL|Win32.ActiveCfg = Debug|Win32
		{DAA25F59-2B60-422E-9AF6-BE56CF70DA99}.DebugDLL|Win32.Build.0 = Debug|Win32
		{DAA25F59-2B60-422E-9AF6-BE56CF70DA99}.DebugDLL|x64.ActiveCfg = Debug|x64
		{DAA25F59-2B60-422E-9AF6-BE56CF70DA99}.DebugDLL|x64.Build.0 = Debug|x64
		{DAA25F59-2B60-422E-9AF6-BE56CF70DA99}.MinSizeRel|Any CPU.ActiveCfg = Release|x64
		{DAA25F59-2B60-422E-9AF6-BE56CF70DA99}.MinSizeRel|Any CPU.Build.0 = Release|x64
		{DAA25F59-2B60-422E-9AF6-BE56CF70DA99}.MinSizeRel|Win32.ActiveCfg = Debug|Win32
		{DAA25F59-2B60-422E-9AF6-BE56CF70DA99}.MinSizeRel|Win32.Build.0 = Debug|Win32
		{DAA25F59-2B60-422E-9AF6-BE56CF70DA99}.MinSizeRel|x64.ActiveCfg = Release|x64
		{DAA25F59-2B60-422E-9AF6-BE56CF70DA99}.MinSizeRel|x64.Build.0 = Release|x64
		{DAA25F59-2B60-422E-9AF6-BE56CF70DA99}.Release Library|Any CPU.ActiveCfg = Release|x64
		{DAA25F59-2B60-422E-9AF6-BE56CF70DA99}.Release Library|Any CPU.Build.0 = Release|x64
		{DAA25F59-2B60-422E-9AF6-BE56CF70DA99}.Release Library|Win32.ActiveCfg = Release|Win32
		{DAA25F59-2B60-422E-9AF6-BE56CF70DA99}.Release Library|Win32.Build.0 = Release|Win32
		{DAA25F59-2B60-422E-9AF6-BE56CF70DA99}.Release Library|x64.ActiveCfg = Release|x64
		{DAA25F59-2B60-422E-9AF6-BE56CF70DA99}.Release Library|x64.Build.0 = Release|x64
		{DAA25F59-2B60-422E-9AF6-BE56CF70DA99}.Release|Any CPU.ActiveCfg = Release|Win32
		{DAA25F59-2B60-422E-9AF6-BE56CF70DA99}.Release|Win32.ActiveCfg = Release|Win32
		{DAA25F59-2B60-422E-9AF6-BE56CF70DA99}.Release|Win32.Build.0 = Release|Win32
		{DAA25F59-2B60-422E-9AF6-BE56CF70DA99}.Release|x64.ActiveCfg = Release|x64
		{DAA25F59-2B60-422E-9AF6-BE56CF70DA99}.Release|x64.Build.0 = Release|x64
		{DAA25F59-2B60-422E-9AF6-BE56CF70DA99}.ReleaseDLL|Any CPU.ActiveCfg = Release|x64
		{DAA25F59-2B60-422E-9AF6-BE56CF70DA99}.ReleaseDLL|Any CPU.Build.0 = Release|x64
		{DAA25F59-2B60-422E-9AF6-BE56CF70DA99}.ReleaseDLL|Win32.ActiveCfg = Release|Win32
		{DAA25F59-2B60-422E-9AF6-BE56CF70DA99}.ReleaseDLL|Win32.Build.0 = Release|Win32
		{DAA25F59-2B60-422E-9AF6-BE56CF70DA99}.ReleaseDLL|x64.ActiveCfg = Release|x64
		{DAA25F59-2B60-422E-9AF6-BE56CF70DA99}.ReleaseDLL|x64.Build.0 = Release|x64
		{DAA25F59-2B60-422E-9AF6-BE56CF70DA99}.RelWithDebInfo|Any CPU.ActiveCfg = Release|x64
		{DAA25F59-2B60-422E-9AF6-BE56CF70DA99}.RelWithDebInfo|Any CPU.Build.0 = Release|x64
		{DAA25F59-2B60-422E-9AF6-BE56CF70DA99}.RelWithDebInfo|Win32.ActiveCfg = Release|Win32
		{DAA25F59-2B60-422E-9AF6-BE56CF70DA99}.RelWithDebInfo|Win32.Build.0 = Release|Win32
		{DAA25F59-2B60-422E-9AF6-BE56CF70DA99}.RelWithDebInfo|x64.ActiveCfg = Release|x64
		{DAA25F59-2B60-422E-9AF6-BE56CF70DA99}.RelWithDebInfo|x64.Build.0 = Release|x64
		{47F4A712-EFCB-3B3E-B28F-0D49E68DEA75}.Debug Library|Any CPU.ActiveCfg = Release|Win32
		{47F4A712-EFCB-3B3E-B28F-0D49E68DEA75}.Debug Library|Any CPU.Build.0 = Release|Win32
		{47F4A712-EFCB-3B3E-B28F-0D49E68DEA75}.Debug Library|Win32.ActiveCfg = Debug|Win32
		{47F4A712-EFCB-3B3E-B28F-0D49E68DEA75}.Debug Library|Win32.Build.0 = Debug|Win32
		{47F4A712-EFCB-3B3E-B28F-0D49E68DEA75}.Debug Library|x64.ActiveCfg = Release|Win32
		{47F4A712-EFCB-3B3E-B28F-0D49E68DEA75}.Debug Library|x64.Build.0 = Release|Win32
		{47F4A712-EFCB-3B3E-B28F-0D49E68DEA75}.Debug|Any CPU.ActiveCfg = Debug|Win32
		{47F4A712-EFCB-3B3E-B28F-0D49E68DEA75}.Debug|Win32.ActiveCfg = Debug|Win32
		{47F4A712-EFCB-3B3E-B28F-0D49E68DEA75}.Debug|Win32.Build.0 = Debug|Win32
		{47F4A712-EFCB-3B3E-B28F-0D49E68DEA75}.Debug|x64.ActiveCfg = Debug|Win32
		{47F4A712-EFCB-3B3E-B28F-0D49E68DEA75}.DebugDLL|Any CPU.ActiveCfg = Release|Win32
		{47F4A712-EFCB-3B3E-B28F-0D49E68DEA75}.DebugDLL|Any CPU.Build.0 = Release|Win32
		{47F4A712-EFCB-3B3E-B28F-0D49E68DEA75}.DebugDLL|Win32.ActiveCfg = Debug|Win32
		{47F4A712-EFCB-3B3E-B28F-0D49E68DEA75}.DebugDLL|Win32.Build.0 = Debug|Win32
		{47F4A712-EFCB-3B3E-B28F-0D49E68DEA75}.DebugDLL|x64.ActiveCfg = Release|Win32
		{47F4A712-EFCB-3B3E-B28F-0D49E68DEA75}.DebugDLL|x64.Build.0 = Release|Win32
		{47F4A712-EFCB-3B3E-B28F-0D49E68DEA75}.MinSizeRel|Any CPU.ActiveCfg = MinSizeRel|Win32
		{47F4A712-EFCB-3B3E-B28F-0D49E68DEA75}.MinSizeRel|Win32.ActiveCfg = MinSizeRel|Win32
		{47F4A712-EFCB-3B3E-B28F-0D49E68DEA75}.MinSizeRel|Win32.Build.0 = MinSizeRel|Win32
		{47F4A712-EFCB-3B3E-B28F-0D49E68DEA75}.MinSizeRel|x64.ActiveCfg = MinSizeRel|Win32
		{47F4A712-EFCB-3B3E-B28F-0D49E68DEA75}.Release Library|Any CPU.ActiveCfg = Release|Win32
		{47F4A712-EFCB-3B3E-B28F-0D49E68DEA75}.Release Library|Any CPU.Build.0 = Release|Win32
		{47F4A712-EFCB-3B3E-B28F-0D49E68DEA75}.Release Library|Win32.ActiveCfg = Release|Win32
		{47F4A712-EFCB-3B3E-B28F-0D49E68DEA75}.Release Library|Win32.Build.0 = Release|Win32
		{47F4A712-EFCB-3B3E-B28F-0D49E68DEA75}.Release Library|x64.ActiveCfg = Release|Win32
		{47F4A712-EFCB-3B3E-B28F-0D49E68DEA75}.Release Library|x64.Build.0 = Release|Win32
		{47F4A712-EFCB-3B3E-B28F-0D49E68DEA75}.Release|Any CPU.ActiveCfg = Release|Win32
		{47F4A712-EFCB-3B3E-B28F-0D49E68DEA75}.Release|Win32.ActiveCfg = Release|Win32
		{47F4A712-EFCB-3B3E-B28F-0D49E68DEA75}.Release|Win32.Build.0 = Release|Win32
		{47F4A712-EFCB-3B3E-B28F-0D49E68DEA75}.Release|x64.ActiveCfg = Release|Win32
		{47F4A712-EFCB-3B3E-B28F-0D49E68DEA75}.ReleaseDLL|Any CPU.ActiveCfg = Release|Win32
		{47F4A712-EFCB-3B3E-B28F-0D49E68DEA75}.ReleaseDLL|Any CPU.Build.0 = Release|Win32
		{47F4A712-EFCB-3B3E-B28F-0D49E68DEA75}.ReleaseDLL|Win32.ActiveCfg = Release|Win32
		{47F4A712-EFCB-3B3E-B28F-0D49E68DEA75}.ReleaseDLL|Win32.Build.0 = Release|Win32
		{47F4A712-EFCB-3B3E-B28F-0D49E68DEA75}.ReleaseDLL|x64.ActiveCfg = Release|Win32
		{47F4A712-EFCB-3B3E-B28F-0D49E68DEA75}.ReleaseDLL|x64.Build.0 = Release|Win32
		{47F4A712-EFCB-3B3E-B28F-0D49E68DEA75}.RelWithDebInfo|Any CPU.ActiveCfg = RelWithDebInfo|Win32
		{47F4A712-EFCB-3B3E-B28F-0D49E68DEA75}.RelWithDebInfo|Win32.ActiveCfg = RelWithDebInfo|Win32
		{47F4A712-EFCB-3B3E-B28F-0D49E68DEA75}.RelWithDebInfo|Win32.Build.0 = RelWithDebInfo|Win32
		{47F4A712-EFCB-3B3E-B28F-0D49E68DEA75}.RelWithDebInfo|x64.ActiveCfg = RelWithDebInfo|Win32
		{AFF27A26-C088-444B-BC2A-0BA94A02AFA7}.Debug Library|Any CPU.ActiveCfg = DebugDLL|x64
		{AFF27A26-C088-444B-BC2A-0BA94A02AFA7}.Debug Library|Any CPU.Build.0 = DebugDLL|x64
		{AFF27A26-C088-444B-BC2A-0BA94A02AFA7}.Debug Library|Win32.ActiveCfg = DebugDLL|Win32
		{AFF27A26-C088-444B-BC2A-0BA94A02AFA7}.Debug Library|Win32.Build.0 = DebugDLL|Win32
		{AFF27A26-C088-444B-BC2A-0BA94A02AFA7}.Debug Library|x64.ActiveCfg = DebugDLL|x64
		{AFF27A26-C088-444B-BC2A-0BA94A02AFA7}.Debug Library|x64.Build.0 = DebugDLL|x64
		{AFF27A26-C088-444B-BC2A-0BA94A02AFA7}.Debug|Any CPU.ActiveCfg = Debug|Win32
		{AFF27A26-C088-444B-BC2A-0BA94A02AFA7}.Debug|Win32.ActiveCfg = Debug|Win32
		{AFF27A26-C088-444B-BC2A-0BA94A02AFA7}.Debug|Win32.Build.0 = Debug|Win32
		{AFF27A26-C088-444B-BC2A-0BA94A02AFA7}.Debug|x64.ActiveCfg = Debug|x64
		{AFF27A26-C088-444B-BC2A-0BA94A02AFA7}.Debug|x64.Build.0 = Debug|x64
		{AFF27A26-C088-444B-BC2A-0BA94A02AFA7}.DebugDLL|Any CPU.ActiveCfg = DebugDLL|Win32
		{AFF27A26-C088-444B-BC2A-0BA94A02AFA7}.DebugDLL|Win32.ActiveCfg = DebugDLL|Win32
		{AFF27A26-C088-444B-BC2A-0BA94A02AFA7}.DebugDLL|Win32.Build.0 = DebugDLL|Win32
		{AFF27A26-C088-444B-BC2A-0BA94A02AFA7}.DebugDLL|x64.ActiveCfg = DebugDLL|x64
		{AFF27A26-C088-444B-BC2A-0BA94A02AFA7}.DebugDLL|x64.Build.0 = DebugDLL|x64
		{AFF27A26-C088-444B-BC2A-0BA94A02AFA7}.MinSizeRel|Any CPU.ActiveCfg = DebugDLL|x64
		{AFF27A26-C088-444B-BC2A-0BA94A02AFA7}.MinSizeRel|Any CPU.Build.0 = DebugDLL|x64
		{AFF27A26-C088-444B-BC2A-0BA94A02AFA7}.MinSizeRel|Win32.ActiveCfg = DebugDLL|Win32
		{AFF27A26-C088-444B-BC2A-0BA94A02AFA7}.MinSizeRel|Win32.Build.0 = DebugDLL|Win32
		{AFF27A26-C088-444B-BC2A-0BA94A02AFA7}.MinSizeRel|x64.ActiveCfg = DebugDLL|x64
		{AFF27A26-C088-444B-BC2A-0BA94A02AFA7}.MinSizeRel|x64.Build.0 = DebugDLL|x64
		{AFF27A26-C088-444B-BC2A-0BA94A02AFA7}.Release Library|Any CPU.ActiveCfg = DebugDLL|x64
		{AFF27A26-C088-444B-BC2A-0BA94A02AFA7}.Release Library|Any CPU.Build.0 = DebugDLL|x64
		{AFF27A26-C088-444B-BC2A-0BA94A02AFA7}.Release Library|Win32.ActiveCfg = ReleaseDLL|Win32
		{AFF27A26-C088-444B-BC2A-0BA94A02AFA7}.Release Library|Win32.Build.0 = ReleaseDLL|Win32
		{AFF27A26-C088-444B-BC2A-0BA94A02AFA7}.Release Library|x64.ActiveCfg = ReleaseDLL|x64
		{AFF27A26-C088-444B-BC2A-0BA94A02AFA7}.Release Library|x64.Build.0 = ReleaseDLL|x64
		{AFF27A26-C088-444B-BC2A-0BA94A02AFA7}.Release|Any CPU.ActiveCfg = Release|Win32
		{AFF27A26-C088-444B-BC2A-0BA94A02AFA7}.Release|Win32.ActiveCfg = Release|Win32
		{AFF27A26-C088-444B-BC2A-0BA94A02AFA7}.Release|Win32.Build.0 = Release|Win32
		{AFF27A26-C088-444B-BC2A-0BA94A02AFA7}.Release|x64.ActiveCfg = Release|x64
		{AFF27A26-C088-444B-BC2A-0BA94A02AFA7}.Release|x64.Build.0 = Release|x64
		{AFF27A26-C088-444B-BC2A-0BA94A02AFA7}.ReleaseDLL|Any CPU.ActiveCfg = ReleaseDLL|Win32
		{AFF27A26-C088-444B-BC2A-0BA94A02AFA7}.ReleaseDLL|Win32.ActiveCfg = ReleaseDLL|Win32
		{AFF27A26-C088-444B-BC2A-0BA94A02AFA7}.ReleaseDLL|Win32.Build.0 = ReleaseDLL|Win32
		{AFF27A26-C088-444B-BC2A-0BA94A02AFA7}.ReleaseDLL|x64.ActiveCfg = ReleaseDLL|x64
		{AFF27A26-C088-444B-BC2A-0BA94A02AFA7}.ReleaseDLL|x64.Build.0 = ReleaseDLL|x64
		{AFF27A26-C088-444B-BC2A-0BA94A02AFA7}.RelWithDebInfo|Any CPU.ActiveCfg = DebugDLL|x64
		{AFF27A26-C088-444B-BC2A-0BA94A02AFA7}.RelWithDebInfo|Any CPU.Build.0 = DebugDLL|x64
		{AFF27A26-C088-444B-BC2A-0BA94A02AFA7}.RelWithDebInfo|Win32.ActiveCfg = ReleaseDLL|Win32
		{AFF27A26-C088-444B-BC2A-0BA94A02AFA7}.RelWithDebInfo|Win32.Build.0 = ReleaseDLL|Win32
		{AFF27A26-C088-444B-BC2A-0BA94A02AFA7}.RelWithDebInfo|x64.ActiveCfg = ReleaseDLL|x64
		{AFF27A26-C088-444B-BC2A-0BA94A02AFA7}.RelWithDebInfo|x64.Build.0 = ReleaseDLL|x64
		{3A214E06-B95E-4D61-A291-1F8DF2EC10FD}.Debug Library|Any CPU.ActiveCfg = Release|x64
		{3A214E06-B95E-4D61-A291-1F8DF2EC10FD}.Debug Library|Any CPU.Build.0 = Release|x64
		{3A214E06-B95E-4D61-A291-1F8DF2EC10FD}.Debug Library|Win32.ActiveCfg = Debug|Win32
		{3A214E06-B95E-4D61-A291-1F8DF2EC10FD}.Debug Library|Win32.Build.0 = Debug|Win32
		{3A214E06-B95E-4D61-A291-1F8DF2EC10FD}.Debug Library|x64.ActiveCfg = Debug|x64
		{3A214E06-B95E-4D61-A291-1F8DF2EC10FD}.Debug Library|x64.Build.0 = Debug|x64
		{3A214E06-B95E-4D61-A291-1F8DF2EC10FD}.Debug|Any CPU.ActiveCfg = Debug|Win32
		{3A214E06-B95E-4D61-A291-1F8DF2EC10FD}.Debug|Win32.ActiveCfg = Debug|Win32
		{3A214E06-B95E-4D61-A291-1F8DF2EC10FD}.Debug|Win32.Build.0 = Debug|Win32
		{3A214E06-B95E-4D61-A291-1F8DF2EC10FD}.Debug|x64.ActiveCfg = Debug|x64
		{3A214E06-B95E-4D61-A291-1F8DF2EC10FD}.Debug|x64.Build.0 = Debug|x64
		{3A214E06-B95E-4D61-A291-1F8DF2EC10FD}.DebugDLL|Any CPU.ActiveCfg = Release|x64
		{3A214E06-B95E-4D61-A291-1F8DF2EC10FD}.DebugDLL|Any CPU.Build.0 = Release|x64
		{3A214E06-B95E-4D61-A291-1F8DF2EC10FD}.DebugDLL|Win32.ActiveCfg = Debug|Win32
		{3A214E06-B95E-4D61-A291-1F8DF2EC10FD}.DebugDLL|Win32.Build.0 = Debug|Win32
		{3A214E06-B95E-4D61-A291-1F8DF2EC10FD}.DebugDLL|x64.ActiveCfg = Debug|x64
		{3A214E06-B95E-4D61-A291-1F8DF2EC10FD}.DebugDLL|x64.Build.0 = Debug|x64
		{3A214E06-B95E-4D61-A291-1F8DF2EC10FD}.MinSizeRel|Any CPU.ActiveCfg = Release|x64
		{3A214E06-B95E-4D61-A291-1F8DF2EC10FD}.MinSizeRel|Any CPU.Build.0 = Release|x64
		{3A214E06-B95E-4D61-A291-1F8DF2EC10FD}.MinSizeRel|Win32.ActiveCfg = Release|Win32
		{3A214E06-B95E-4D61-A291-1F8DF2EC10FD}.MinSizeRel|Win32.Build.0 = Release|Win32
		{3A214E06-B95E-4D61-A291-1F8DF2EC10FD}.MinSizeRel|x64.ActiveCfg = Release|x64
		{3A214E06-B95E-4D61-A291-1F8DF2EC10FD}.MinSizeRel|x64.Build.0 = Release|x64
		{3A214E06-B95E-4D61-A291-1F8DF2EC10FD}.Release Library|Any CPU.ActiveCfg = Release|x64
		{3A214E06-B95E-4D61-A291-1F8DF2EC10FD}.Release Library|Any CPU.Build.0 = Release|x64
		{3A214E06-B95E-4D61-A291-1F8DF2EC10FD}.Release Library|Win32.ActiveCfg = Release|Win32
		{3A214E06-B95E-4D61-A291-1F8DF2EC10FD}.Release Library|Win32.Build.0 = Release|Win32
		{3A214E06-B95E-4D61-A291-1F8DF2EC10FD}.Release Library|x64.ActiveCfg = Release|x64
		{3A214E06-B95E-4D61-A291-1F8DF2EC10FD}.Release Library|x64.Build.0 = Release|x64
		{3A214E06-B95E-4D61-A291-1F8DF2EC10FD}.Release|Any CPU.ActiveCfg = Release|Win32
		{3A214E06-B95E-4D61-A291-1F8DF2EC10FD}.Release|Win32.ActiveCfg = Release|Win32
		{3A214E06-B95E-4D61-A291-1F8DF2EC10FD}.Release|Win32.Build.0 = Release|Win32
		{3A214E06-B95E-4D61-A291-1F8DF2EC10FD}.Release|x64.ActiveCfg = Release|x64
		{3A214E06-B95E-4D61-A291-1F8DF2EC10FD}.Release|x64.Build.0 = Release|x64
		{3A214E06-B95E-4D61-A291-1F8DF2EC10FD}.ReleaseDLL|Any CPU.ActiveCfg = Release|x64
		{3A214E06-B95E-4D61-A291-1F8DF2EC10FD}.ReleaseDLL|Any CPU.Build.0 = Release|x64
		{3A214E06-B95E-4D61-A291-1F8DF2EC10FD}.ReleaseDLL|Win32.ActiveCfg = Release|Win32
		{3A214E06-B95E-4D61-A291-1F8DF2EC10FD}.ReleaseDLL|Win32.Build.0 = Release|Win32
		{3A214E06-B95E-4D61-A291-1F8DF2EC10FD}.ReleaseDLL|x64.ActiveCfg = Release|x64
		{3A214E06-B95E-4D61-A291-1F8DF2EC10FD}.ReleaseDLL|x64.Build.0 = Release|x64
		{3A214E06-B95E-4D61-A291-1F8DF2EC10FD}.RelWithDebInfo|Any CPU.ActiveCfg = Release|x64
		{3A214E06-B95E-4D61-A291-1F8DF2EC10FD}.RelWithDebInfo|Any CPU.Build.0 = Release|x64
		{3A214E06-B95E-4D61-A291-1F8DF2EC10FD}.RelWithDebInfo|Win32.ActiveCfg = Release|Win32
		{3A214E06-B95E-4D61-A291-1F8DF2EC10FD}.RelWithDebInfo|Win32.Build.0 = Release|Win32
		{3A214E06-B95E-4D61-A291-1F8DF2EC10FD}.RelWithDebInfo|x64.ActiveCfg = Release|x64
		{3A214E06-B95E-4D61-A291-1F8DF2EC10FD}.RelWithDebInfo|x64.Build.0 = Release|x64
		{CEBDE98B-A6AA-46E6-BC79-FAAF823DB9EC}.Debug Library|Any CPU.ActiveCfg = Release|x64
		{CEBDE98B-A6AA-46E6-BC79-FAAF823DB9EC}.Debug Library|Any CPU.Build.0 = Release|x64
		{CEBDE98B-A6AA-46E6-BC79-FAAF823DB9EC}.Debug Library|Win32.ActiveCfg = Debug|Win32
		{CEBDE98B-A6AA-46E6-BC79-FAAF823DB9EC}.Debug Library|Win32.Build.0 = Debug|Win32
		{CEBDE98B-A6AA-46E6-BC79-FAAF823DB9EC}.Debug Library|x64.ActiveCfg = Debug|x64
		{CEBDE98B-A6AA-46E6-BC79-FAAF823DB9EC}.Debug Library|x64.Build.0 = Debug|x64
		{CEBDE98B-A6AA-46E6-BC79-FAAF823DB9EC}.Debug|Any CPU.ActiveCfg = Debug|Win32
		{CEBDE98B-A6AA-46E6-BC79-FAAF823DB9EC}.Debug|Win32.ActiveCfg = Debug|Win32
		{CEBDE98B-A6AA-46E6-BC79-FAAF823DB9EC}.Debug|Win32.Build.0 = Debug|Win32
		{CEBDE98B-A6AA-46E6-BC79-FAAF823DB9EC}.Debug|x64.ActiveCfg = Debug|x64
		{CEBDE98B-A6AA-46E6-BC79-FAAF823DB9EC}.Debug|x64.Build.0 = Debug|x64
		{CEBDE98B-A6AA-46E6-BC79-FAAF823DB9EC}.DebugDLL|Any CPU.ActiveCfg = Release|x64
		{CEBDE98B-A6AA-46E6-BC79-FAAF823DB9EC}.DebugDLL|Any CPU.Build.0 = Release|x64
		{CEBDE98B-A6AA-46E6-BC79-FAAF823DB9EC}.DebugDLL|Win32.ActiveCfg = Debug|Win32
		{CEBDE98B-A6AA-46E6-BC79-FAAF823DB9EC}.DebugDLL|Win32.Build.0 = Debug|Win32
		{CEBDE98B-A6AA-46E6-BC79-FAAF823DB9EC}.DebugDLL|x64.ActiveCfg = Debug|x64
		{CEBDE98B-A6AA-46E6-BC79-FAAF823DB9EC}.DebugDLL|x64.Build.0 = Debug|x64
		{CEBDE98B-A6AA-46E6-BC79-FAAF823DB9EC}.MinSizeRel|Any CPU.ActiveCfg = Release|x64
		{CEBDE98B-A6AA-46E6-BC79-FAAF823DB9EC}.MinSizeRel|Any CPU.Build.0 = Release|x64
		{CEBDE98B-A6AA-46E6-BC79-FAAF823DB9EC}.MinSizeRel|Win32.ActiveCfg = Release|Win32
		{CEBDE98B-A6AA-46E6-BC79-FAAF823DB9EC}.MinSizeRel|Win32.Build.0 = Release|Win32
		{CEBDE98B-A6AA-46E6-BC79-FAAF823DB9EC}.MinSizeRel|x64.ActiveCfg = Release|x64
		{CEBDE98B-A6AA-46E6-BC79-FAAF823DB9EC}.MinSizeRel|x64.Build.0 = Release|x64
		{CEBDE98B-A6AA-46E6-BC79-FAAF823DB9EC}.Release Library|Any CPU.ActiveCfg = Release|x64
		{CEBDE98B-A6AA-46E6-BC79-FAAF823DB9EC}.Release Library|Any CPU.Build.0 = Release|x64
		{CEBDE98B-A6AA-46E6-BC79-FAAF823DB9EC}.Release Library|Win32.ActiveCfg = Release|Win32
		{CEBDE98B-A6AA-46E6-BC79-FAAF823DB9EC}.Release Library|Win32.Build.0 = Release|Win32
		{CEBDE98B-A6AA-46E6-BC79-FAAF823DB9EC}.Release Library|x64.ActiveCfg = Release|x64
		{CEBDE98B-A6AA-46E6-BC79-FAAF823DB9EC}.Release Library|x64.Build.0 = Release|x64
		{CEBDE98B-A6AA-46E6-BC79-FAAF823DB9EC}.Release|Any CPU.ActiveCfg = Release|Win32
		{CEBDE98B-A6AA-46E6-BC79-FAAF823DB9EC}.Release|Win32.ActiveCfg = Release|Win32
		{CEBDE98B-A6AA-46E6-BC79-FAAF823DB9EC}.Release|Win32.Build.0 = Release|Win32
		{CEBDE98B-A6AA-46E6-BC79-FAAF823DB9EC}.Release|x64.ActiveCfg = Release|x64
		{CEBDE98B-A6AA-46E6-BC79-FAAF823DB9EC}.Release|x64.Build.0 = Release|x64
		{CEBDE98B-A6AA-46E6-BC79-FAAF823DB9EC}.ReleaseDLL|Any CPU.ActiveCfg = Release|x64
		{CEBDE98B-A6AA-46E6-BC79-FAAF823DB9EC}.ReleaseDLL|Any CPU.Build.0 = Release|x64
		{CEBDE98B-A6AA-46E6-BC79-FAAF823DB9EC}.ReleaseDLL|Win32.ActiveCfg = Release|Win32
		{CEBDE98B-A6AA-46E6-BC79-FAAF823DB9EC}.ReleaseDLL|Win32.Build.0 = Release|Win32
		{CEBDE98B-A6AA-46E6-BC79-FAAF823DB9EC}.ReleaseDLL|x64.ActiveCfg = Release|x64
		{CEBDE98B-A6AA-46E6-BC79-FAAF823DB9EC}.ReleaseDLL|x64.Build.0 = Release|x64
		{CEBDE98B-A6AA-46E6-BC79-FAAF823DB9EC}.RelWithDebInfo|Any CPU.ActiveCfg = Release|x64
		{CEBDE98B-A6AA-46E6-BC79-FAAF823DB9EC}.RelWithDebInfo|Any CPU.Build.0 = Release|x64
		{CEBDE98B-A6AA-46E6-BC79-FAAF823DB9EC}.RelWithDebInfo|Win32.ActiveCfg = Release|Win32
		{CEBDE98B-A6AA-46E6-BC79-FAAF823DB9EC}.RelWithDebInfo|Win32.Build.0 = Release|Win32
		{CEBDE98B-A6AA-46E6-BC79-FAAF823DB9EC}.RelWithDebInfo|x64.ActiveCfg = Release|x64
		{CEBDE98B-A6AA-46E6-BC79-FAAF823DB9EC}.RelWithDebInfo|x64.Build.0 = Release|x64
		{4CEFBC84-C215-11DB-8314-0800200C9A66}.Debug Library|Any CPU.ActiveCfg = Release|x64
		{4CEFBC84-C215-11DB-8314-0800200C9A66}.Debug Library|Any CPU.Build.0 = Release|x64
		{4CEFBC84-C215-11DB-8314-0800200C9A66}.Debug Library|Win32.ActiveCfg = Debug|Win32
		{4CEFBC84-C215-11DB-8314-0800200C9A66}.Debug Library|Win32.Build.0 = Debug|Win32
		{4CEFBC84-C215-11DB-8314-0800200C9A66}.Debug Library|x64.ActiveCfg = Debug|x64
		{4CEFBC84-C215-11DB-8314-0800200C9A66}.Debug Library|x64.Build.0 = Debug|x64
		{4CEFBC84-C215-11DB-8314-0800200C9A66}.Debug|Any CPU.ActiveCfg = Debug|Win32
		{4CEFBC84-C215-11DB-8314-0800200C9A66}.Debug|Win32.ActiveCfg = Debug|Win32
		{4CEFBC84-C215-11DB-8314-0800200C9A66}.Debug|Win32.Build.0 = Debug|Win32
		{4CEFBC84-C215-11DB-8314-0800200C9A66}.Debug|x64.ActiveCfg = Debug|x64
		{4CEFBC84-C215-11DB-8314-0800200C9A66}.Debug|x64.Build.0 = Debug|x64
		{4CEFBC84-C215-11DB-8314-0800200C9A66}.DebugDLL|Any CPU.ActiveCfg = Release|x64
		{4CEFBC84-C215-11DB-8314-0800200C9A66}.DebugDLL|Any CPU.Build.0 = Release|x64
		{4CEFBC84-C215-11DB-8314-0800200C9A66}.DebugDLL|Win32.ActiveCfg = Debug|Win32
		{4CEFBC84-C215-11DB-8314-0800200C9A66}.DebugDLL|Win32.Build.0 = Debug|Win32
		{4CEFBC84-C215-11DB-8314-0800200C9A66}.DebugDLL|x64.ActiveCfg = Debug|x64
		{4CEFBC84-C215-11DB-8314-0800200C9A66}.DebugDLL|x64.Build.0 = Debug|x64
		{4CEFBC84-C215-11DB-8314-0800200C9A66}.MinSizeRel|Any CPU.ActiveCfg = Release|x64
		{4CEFBC84-C215-11DB-8314-0800200C9A66}.MinSizeRel|Any CPU.Build.0 = Release|x64
		{4CEFBC84-C215-11DB-8314-0800200C9A66}.MinSizeRel|Win32.ActiveCfg = Release|Win32
		{4CEFBC84-C215-11DB-8314-0800200C9A66}.MinSizeRel|Win32.Build.0 = Release|Win32
		{4CEFBC84-C215-11DB-8314-0800200C9A66}.MinSizeRel|x64.ActiveCfg = Release|x64
		{4CEFBC84-C215-11DB-8314-0800200C9A66}.MinSizeRel|x64.Build.0 = Release|x64
		{4CEFBC84-C215-11DB-8314-0800200C9A66}.Release Library|Any CPU.ActiveCfg = Release|x64
		{4CEFBC84-C215-11DB-8314-0800200C9A66}.Release Library|Any CPU.Build.0 = Release|x64
		{4CEFBC84-C215-11DB-8314-0800200C9A66}.Release Library|Win32.ActiveCfg = Release|Win32
		{4CEFBC84-C215-11DB-8314-0800200C9A66}.Release Library|Win32.Build.0 = Release|Win32
		{4CEFBC84-C215-11DB-8314-0800200C9A66}.Release Library|x64.ActiveCfg = Release|x64
		{4CEFBC84-C215-11DB-8314-0800200C9A66}.Release Library|x64.Build.0 = Release|x64
		{4CEFBC84-C215-11DB-8314-0800200C9A66}.Release|Any CPU.ActiveCfg = Release|Win32
		{4CEFBC84-C215-11DB-8314-0800200C9A66}.Release|Win32.ActiveCfg = Release|Win32
		{4CEFBC84-C215-11DB-8314-0800200C9A66}.Release|Win32.Build.0 = Release|Win32
		{4CEFBC84-C215-11DB-8314-0800200C9A66}.Release|x64.ActiveCfg = Release|x64
		{4CEFBC84-C215-11DB-8314-0800200C9A66}.Release|x64.Build.0 = Release|x64
		{4CEFBC84-C215-11DB-8314-0800200C9A66}.ReleaseDLL|Any CPU.ActiveCfg = Release|x64
		{4CEFBC84-C215-11DB-8314-0800200C9A66}.ReleaseDLL|Any CPU.Build.0 = Release|x64
		{4CEFBC84-C215-11DB-8314-0800200C9A66}.ReleaseDLL|Win32.ActiveCfg = Release|Win32
		{4CEFBC84-C215-11DB-8314-0800200C9A66}.ReleaseDLL|Win32.Build.0 = Release|Win32
		{4CEFBC84-C215-11DB-8314-0800200C9A66}.ReleaseDLL|x64.ActiveCfg = Release|x64
		{4CEFBC84-C215-11DB-8314-0800200C9A66}.ReleaseDLL|x64.Build.0 = Release|x64
		{4CEFBC84-C215-11DB-8314-0800200C9A66}.RelWithDebInfo|Any CPU.ActiveCfg = Release|x64
		{4CEFBC84-C215-11DB-8314-0800200C9A66}.RelWithDebInfo|Any CPU.Build.0 = Release|x64
		{4CEFBC84-C215-11DB-8314-0800200C9A66}.RelWithDebInfo|Win32.ActiveCfg = Release|Win32
		{4CEFBC84-C215-11DB-8314-0800200C9A66}.RelWithDebInfo|Win32.Build.0 = Release|Win32
		{4CEFBC84-C215-11DB-8314-0800200C9A66}.RelWithDebInfo|x64.ActiveCfg = Release|x64
		{4CEFBC84-C215-11DB-8314-0800200C9A66}.RelWithDebInfo|x64.Build.0 = Release|x64
		{653F3841-3F26-49B9-AFCF-091DB4B67031}.Debug Library|Any CPU.ActiveCfg = Release|x64
		{653F3841-3F26-49B9-AFCF-091DB4B67031}.Debug Library|Any CPU.Build.0 = Release|x64
		{653F3841-3F26-49B9-AFCF-091DB4B67031}.Debug Library|Win32.ActiveCfg = Debug|Win32
		{653F3841-3F26-49B9-AFCF-091DB4B67031}.Debug Library|Win32.Build.0 = Debug|Win32
		{653F3841-3F26-49B9-AFCF-091DB4B67031}.Debug Library|x64.ActiveCfg = Debug|x64
		{653F3841-3F26-49B9-AFCF-091DB4B67031}.Debug Library|x64.Build.0 = Debug|x64
		{653F3841-3F26-49B9-AFCF-091DB4B67031}.Debug|Any CPU.ActiveCfg = Debug|Win32
		{653F3841-3F26-49B9-AFCF-091DB4B67031}.Debug|Win32.ActiveCfg = Debug|Win32
		{653F3841-3F26-49B9-AFCF-091DB4B67031}.Debug|Win32.Build.0 = Debug|Win32
		{653F3841-3F26-49B9-AFCF-091DB4B67031}.Debug|x64.ActiveCfg = Debug|x64
		{653F3841-3F26-49B9-AFCF-091DB4B67031}.Debug|x64.Build.0 = Debug|x64
		{653F3841-3F26-49B9-AFCF-091DB4B67031}.DebugDLL|Any CPU.ActiveCfg = Release|x64
		{653F3841-3F26-49B9-AFCF-091DB4B67031}.DebugDLL|Any CPU.Build.0 = Release|x64
		{653F3841-3F26-49B9-AFCF-091DB4B67031}.DebugDLL|Win32.ActiveCfg = Debug|Win32
		{653F3841-3F26-49B9-AFCF-091DB4B67031}.DebugDLL|Win32.Build.0 = Debug|Win32
		{653F3841-3F26-49B9-AFCF-091DB4B67031}.DebugDLL|x64.ActiveCfg = Debug|x64
		{653F3841-3F26-49B9-AFCF-091DB4B67031}.DebugDLL|x64.Build.0 = Debug|x64
		{653F3841-3F26-49B9-AFCF-091DB4B67031}.MinSizeRel|Any CPU.ActiveCfg = Release|x64
		{653F3841-3F26-49B9-AFCF-091DB4B67031}.MinSizeRel|Any CPU.Build.0 = Release|x64
		{653F3841-3F26-49B9-AFCF-091DB4B67031}.MinSizeRel|Win32.ActiveCfg = Release|Win32
		{653F3841-3F26-49B9-AFCF-091DB4B67031}.MinSizeRel|Win32.Build.0 = Release|Win32
		{653F3841-3F26-49B9-AFCF-091DB4B67031}.MinSizeRel|x64.ActiveCfg = Release|x64
		{653F3841-3F26-49B9-AFCF-091DB4B67031}.MinSizeRel|x64.Build.0 = Release|x64
		{653F3841-3F26-49B9-AFCF-091DB4B67031}.Release Library|Any CPU.ActiveCfg = Release|x64
		{653F3841-3F26-49B9-AFCF-091DB4B67031}.Release Library|Any CPU.Build.0 = Release|x64
		{653F3841-3F26-49B9-AFCF-091DB4B67031}.Release Library|Win32.ActiveCfg = Release|Win32
		{653F3841-3F26-49B9-AFCF-091DB4B67031}.Release Library|Win32.Build.0 = Release|Win32
		{653F3841-3F26-49B9-AFCF-091DB4B67031}.Release Library|x64.ActiveCfg = Release|x64
		{653F3841-3F26-49B9-AFCF-091DB4B67031}.Release Library|x64.Build.0 = Release|x64
		{653F3841-3F26-49B9-AFCF-091DB4B67031}.Release|Any CPU.ActiveCfg = Release|Win32
		{653F3841-3F26-49B9-AFCF-091DB4B67031}.Release|Win32.ActiveCfg = Release|Win32
		{653F3841-3F26-49B9-AFCF-091DB4B67031}.Release|Win32.Build.0 = Release|Win32
		{653F3841-3F26-49B9-AFCF-091DB4B67031}.Release|x64.ActiveCfg = Release|x64
		{653F3841-3F26-49B9-AFCF-091DB4B67031}.Release|x64.Build.0 = Release|x64
		{653F3841-3F26-49B9-AFCF-091DB4B67031}.ReleaseDLL|Any CPU.ActiveCfg = Release|x64
		{653F3841-3F26-49B9-AFCF-091DB4B67031}.ReleaseDLL|Any CPU.Build.0 = Release|x64
		{653F3841-3F26-49B9-AFCF-091DB4B67031}.ReleaseDLL|Win32.ActiveCfg = Release|Win32
		{653F3841-3F26-49B9-AFCF-091DB4B67031}.ReleaseDLL|Win32.Build.0 = Release|Win32
		{653F3841-3F26-49B9-AFCF-091DB4B67031}.ReleaseDLL|x64.ActiveCfg = Release|x64
		{653F3841-3F26-49B9-AFCF-091DB4B67031}.ReleaseDLL|x64.Build.0 = Release|x64
		{653F3841-3F26-49B9-AFCF-091DB4B67031}.RelWithDebInfo|Any CPU.ActiveCfg = Release|x64
		{653F3841-3F26-49B9-AFCF-091DB4B67031}.RelWithDebInfo|Any CPU.Build.0 = Release|x64
		{653F3841-3F26-49B9-AFCF-091DB4B67031}.RelWithDebInfo|Win32.ActiveCfg = Release|Win32
		{653F3841-3F26-49B9-AFCF-091DB4B67031}.RelWithDebInfo|Win32.Build.0 = Release|Win32
		{653F3841-3F26-49B9-AFCF-091DB4B67031}.RelWithDebInfo|x64.ActiveCfg = Release|x64
		{653F3841-3F26-49B9-AFCF-091DB4B67031}.RelWithDebInfo|x64.Build.0 = Release|x64
		{60F89955-91C6-3A36-8000-13C592FEC2DF}.Debug Library|Any CPU.ActiveCfg = Debug Library|Win32
		{60F89955-91C6-3A36-8000-13C592FEC2DF}.Debug Library|Win32.ActiveCfg = Debug Library|Win32
		{60F89955-91C6-3A36-8000-13C592FEC2DF}.Debug Library|Win32.Build.0 = Debug Library|Win32
		{60F89955-91C6-3A36-8000-13C592FEC2DF}.Debug Library|x64.ActiveCfg = Debug Library|Win32
		{60F89955-91C6-3A36-8000-13C592FEC2DF}.Debug|Any CPU.ActiveCfg = Debug|Win32
		{60F89955-91C6-3A36-8000-13C592FEC2DF}.Debug|Win32.ActiveCfg = Debug|Win32
		{60F89955-91C6-3A36-8000-13C592FEC2DF}.Debug|Win32.Build.0 = Debug|Win32
		{60F89955-91C6-3A36-8000-13C592FEC2DF}.Debug|x64.ActiveCfg = Debug|Win32
		{60F89955-91C6-3A36-8000-13C592FEC2DF}.DebugDLL|Any CPU.ActiveCfg = Debug Library|Win32
		{60F89955-91C6-3A36-8000-13C592FEC2DF}.DebugDLL|Any CPU.Build.0 = Debug Library|Win32
		{60F89955-91C6-3A36-8000-13C592FEC2DF}.DebugDLL|Win32.ActiveCfg = Debug Library|Win32
		{60F89955-91C6-3A36-8000-13C592FEC2DF}.DebugDLL|Win32.Build.0 = Debug Library|Win32
		{60F89955-91C6-3A36-8000-13C592FEC2DF}.DebugDLL|x64.ActiveCfg = Debug Library|Win32
		{60F89955-91C6-3A36-8000-13C592FEC2DF}.DebugDLL|x64.Build.0 = Debug Library|Win32
		{60F89955-91C6-3A36-8000-13C592FEC2DF}.MinSizeRel|Any CPU.ActiveCfg = Debug Library|Win32
		{60F89955-91C6-3A36-8000-13C592FEC2DF}.MinSizeRel|Any CPU.Build.0 = Debug Library|Win32
		{60F89955-91C6-3A36-8000-13C592FEC2DF}.MinSizeRel|Win32.ActiveCfg = Debug Library|Win32
		{60F89955-91C6-3A36-8000-13C592FEC2DF}.MinSizeRel|Win32.Build.0 = Debug Library|Win32
		{60F89955-91C6-3A36-8000-13C592FEC2DF}.MinSizeRel|x64.ActiveCfg = Debug Library|Win32
		{60F89955-91C6-3A36-8000-13C592FEC2DF}.MinSizeRel|x64.Build.0 = Debug Library|Win32
		{60F89955-91C6-3A36-8000-13C592FEC2DF}.Release Library|Any CPU.ActiveCfg = Release Library|Win32
		{60F89955-91C6-3A36-8000-13C592FEC2DF}.Release Library|Win32.ActiveCfg = Release Library|Win32
		{60F89955-91C6-3A36-8000-13C592FEC2DF}.Release Library|Win32.Build.0 = Release Library|Win32
		{60F89955-91C6-3A36-8000-13C592FEC2DF}.Release Library|x64.ActiveCfg = Release Library|Win32
		{60F89955-91C6-3A36-8000-13C592FEC2DF}.Release|Any CPU.ActiveCfg = Release|Win32
		{60F89955-91C6-3A36-8000-13C592FEC2DF}.Release|Win32.ActiveCfg = Release|Win32
		{60F89955-91C6-3A36-8000-13C592FEC2DF}.Release|Win32.Build.0 = Release|Win32
		{60F89955-91C6-3A36-8000-13C592FEC2DF}.Release|x64.ActiveCfg = Release|Win32
		{60F89955-91C6-3A36-8000-13C592FEC2DF}.ReleaseDLL|Any CPU.ActiveCfg = Debug Library|Win32
		{60F89955-91C6-3A36-8000-13C592FEC2DF}.ReleaseDLL|Any CPU.Build.0 = Debug Library|Win32
		{60F89955-91C6-3A36-8000-13C592FEC2DF}.ReleaseDLL|Win32.ActiveCfg = Release|Win32
		{60F89955-91C6-3A36-8000-13C592FEC2DF}.ReleaseDLL|Win32.Build.0 = Release|Win32
		{60F89955-91C6-3A36-8000-13C592FEC2DF}.ReleaseDLL|x64.ActiveCfg = Debug Library|Win32
		{60F89955-91C6-3A36-8000-13C592FEC2DF}.ReleaseDLL|x64.Build.0 = Debug Library|Win32
		{60F89955-91C6-3A36-8000-13C592FEC2DF}.RelWithDebInfo|Any CPU.ActiveCfg = Debug Library|Win32
		{60F89955-91C6-3A36-8000-13C592FEC2DF}.RelWithDebInfo|Any CPU.Build.0 = Debug Library|Win32
		{60F89955-91C6-3A36-8000-13C592FEC2DF}.RelWithDebInfo|Win32.ActiveCfg = Release|Win32
		{60F89955-91C6-3A36-8000-13C592FEC2DF}.RelWithDebInfo|Win32.Build.0 = Release|Win32
		{60F89955-91C6-3A36-8000-13C592FEC2DF}.RelWithDebInfo|x64.ActiveCfg = Debug Library|Win32
		{60F89955-91C6-3A36-8000-13C592FEC2DF}.RelWithDebInfo|x64.Build.0 = Debug Library|Win32
		{D6973076-9317-4EF2-A0B8-B7A18AC0713E}.Debug Library|Any CPU.ActiveCfg = Debug Library|Win32
		{D6973076-9317-4EF2-A0B8-B7A18AC0713E}.Debug Library|Win32.ActiveCfg = Debug Library|Win32
		{D6973076-9317-4EF2-A0B8-B7A18AC0713E}.Debug Library|Win32.Build.0 = Debug Library|Win32
		{D6973076-9317-4EF2-A0B8-B7A18AC0713E}.Debug Library|x64.ActiveCfg = Debug Library|Win32
		{D6973076-9317-4EF2-A0B8-B7A18AC0713E}.Debug|Any CPU.ActiveCfg = Debug|Win32
		{D6973076-9317-4EF2-A0B8-B7A18AC0713E}.Debug|Win32.ActiveCfg = Debug|Win32
		{D6973076-9317-4EF2-A0B8-B7A18AC0713E}.Debug|Win32.Build.0 = Debug|Win32
		{D6973076-9317-4EF2-A0B8-B7A18AC0713E}.Debug|x64.ActiveCfg = Debug|Win32
		{D6973076-9317-4EF2-A0B8-B7A18AC0713E}.DebugDLL|Any CPU.ActiveCfg = Debug Library|Win32
		{D6973076-9317-4EF2-A0B8-B7A18AC0713E}.DebugDLL|Any CPU.Build.0 = Debug Library|Win32
		{D6973076-9317-4EF2-A0B8-B7A18AC0713E}.DebugDLL|Win32.ActiveCfg = Debug Library|Win32
		{D6973076-9317-4EF2-A0B8-B7A18AC0713E}.DebugDLL|Win32.Build.0 = Debug Library|Win32
		{D6973076-9317-4EF2-A0B8-B7A18AC0713E}.DebugDLL|x64.ActiveCfg = Debug Library|Win32
		{D6973076-9317-4EF2-A0B8-B7A18AC0713E}.DebugDLL|x64.Build.0 = Debug Library|Win32
		{D6973076-9317-4EF2-A0B8-B7A18AC0713E}.MinSizeRel|Any CPU.ActiveCfg = Debug Library|Win32
		{D6973076-9317-4EF2-A0B8-B7A18AC0713E}.MinSizeRel|Any CPU.Build.0 = Debug Library|Win32
		{D6973076-9317-4EF2-A0B8-B7A18AC0713E}.MinSizeRel|Win32.ActiveCfg = Debug Library|Win32
		{D6973076-9317-4EF2-A0B8-B7A18AC0713E}.MinSizeRel|Win32.Build.0 = Debug Library|Win32
		{D6973076-9317-4EF2-A0B8-B7A18AC0713E}.MinSizeRel|x64.ActiveCfg = Debug Library|Win32
		{D6973076-9317-4EF2-A0B8-B7A18AC0713E}.MinSizeRel|x64.Build.0 = Debug Library|Win32
		{D6973076-9317-4EF2-A0B8-B7A18AC0713E}.Release Library|Any CPU.ActiveCfg = Release Library|Win32
		{D6973076-9317-4EF2-A0B8-B7A18AC0713E}.Release Library|Win32.ActiveCfg = Release Library|Win32
		{D6973076-9317-4EF2-A0B8-B7A18AC0713E}.Release Library|Win32.Build.0 = Release Library|Win32
		{D6973076-9317-4EF2-A0B8-B7A18AC0713E}.Release Library|x64.ActiveCfg = Release Library|Win32
		{D6973076-9317-4EF2-A0B8-B7A18AC0713E}.Release|Any CPU.ActiveCfg = Release|Win32
		{D6973076-9317-4EF2-A0B8-B7A18AC0713E}.Release|Win32.ActiveCfg = Release|Win32
		{D6973076-9317-4EF2-A0B8-B7A18AC0713E}.Release|Win32.Build.0 = Release|Win32
		{D6973076-9317-4EF2-A0B8-B7A18AC0713E}.Release|x64.ActiveCfg = Release|Win32
		{D6973076-9317-4EF2-A0B8-B7A18AC0713E}.ReleaseDLL|Any CPU.ActiveCfg = Debug Library|Win32
		{D6973076-9317-4EF2-A0B8-B7A18AC0713E}.ReleaseDLL|Any CPU.Build.0 = Debug Library|Win32
		{D6973076-9317-4EF2-A0B8-B7A18AC0713E}.ReleaseDLL|Win32.ActiveCfg = Release|Win32
		{D6973076-9317-4EF2-A0B8-B7A18AC0713E}.ReleaseDLL|Win32.Build.0 = Release|Win32
		{D6973076-9317-4EF2-A0B8-B7A18AC0713E}.ReleaseDLL|x64.ActiveCfg = Debug Library|Win32
		{D6973076-9317-4EF2-A0B8-B7A18AC0713E}.ReleaseDLL|x64.Build.0 = Debug Library|Win32
		{D6973076-9317-4EF2-A0B8-B7A18AC0713E}.RelWithDebInfo|Any CPU.ActiveCfg = Debug Library|Win32
		{D6973076-9317-4EF2-A0B8-B7A18AC0713E}.RelWithDebInfo|Any CPU.Build.0 = Debug Library|Win32
		{D6973076-9317-4EF2-A0B8-B7A18AC0713E}.RelWithDebInfo|Win32.ActiveCfg = Release|Win32
		{D6973076-9317-4EF2-A0B8-B7A18AC0713E}.RelWithDebInfo|Win32.Build.0 = Release|Win32
		{D6973076-9317-4EF2-A0B8-B7A18AC0713E}.RelWithDebInfo|x64.ActiveCfg = Debug Library|Win32
		{D6973076-9317-4EF2-A0B8-B7A18AC0713E}.RelWithDebInfo|x64.Build.0 = Debug Library|Win32
		{EB33566E-DA7F-4D28-9077-88C0B7C77E35}.Debug Library|Any CPU.ActiveCfg = Release|Win32
		{EB33566E-DA7F-4D28-9077-88C0B7C77E35}.Debug Library|Any CPU.Build.0 = Release|Win32
		{EB33566E-DA7F-4D28-9077-88C0B7C77E35}.Debug Library|Win32.ActiveCfg = Release|Win32
		{EB33566E-DA7F-4D28-9077-88C0B7C77E35}.Debug Library|Win32.Build.0 = Release|Win32
		{EB33566E-DA7F-4D28-9077-88C0B7C77E35}.Debug Library|x64.ActiveCfg = Release|Win32
		{EB33566E-DA7F-4D28-9077-88C0B7C77E35}.Debug Library|x64.Build.0 = Release|Win32
		{EB33566E-DA7F-4D28-9077-88C0B7C77E35}.Debug|Any CPU.ActiveCfg = Release|Win32
		{EB33566E-DA7F-4D28-9077-88C0B7C77E35}.Debug|Any CPU.Build.0 = Release|Win32
		{EB33566E-DA7F-4D28-9077-88C0B7C77E35}.Debug|Win32.ActiveCfg = Release|Win32
		{EB33566E-DA7F-4D28-9077-88C0B7C77E35}.Debug|Win32.Build.0 = Release|Win32
		{EB33566E-DA7F-4D28-9077-88C0B7C77E35}.Debug|x64.ActiveCfg = Release|Win32
		{EB33566E-DA7F-4D28-9077-88C0B7C77E35}.Debug|x64.Build.0 = Release|Win32
		{EB33566E-DA7F-4D28-9077-88C0B7C77E35}.DebugDLL|Any CPU.ActiveCfg = Release|Win32
		{EB33566E-DA7F-4D28-9077-88C0B7C77E35}.DebugDLL|Any CPU.Build.0 = Release|Win32
		{EB33566E-DA7F-4D28-9077-88C0B7C77E35}.DebugDLL|Win32.ActiveCfg = Release|Win32
		{EB33566E-DA7F-4D28-9077-88C0B7C77E35}.DebugDLL|Win32.Build.0 = Release|Win32
		{EB33566E-DA7F-4D28-9077-88C0B7C77E35}.DebugDLL|x64.ActiveCfg = Release|Win32
		{EB33566E-DA7F-4D28-9077-88C0B7C77E35}.DebugDLL|x64.Build.0 = Release|Win32
		{EB33566E-DA7F-4D28-9077-88C0B7C77E35}.MinSizeRel|Any CPU.ActiveCfg = Release|Win32
		{EB33566E-DA7F-4D28-9077-88C0B7C77E35}.MinSizeRel|Any CPU.Build.0 = Release|Win32
		{EB33566E-DA7F-4D28-9077-88C0B7C77E35}.MinSizeRel|Win32.ActiveCfg = Release|Win32
		{EB33566E-DA7F-4D28-9077-88C0B7C77E35}.MinSizeRel|Win32.Build.0 = Release|Win32
		{EB33566E-DA7F-4D28-9077-88C0B7C77E35}.MinSizeRel|x64.ActiveCfg = Release|Win32
		{EB33566E-DA7F-4D28-9077-88C0B7C77E35}.MinSizeRel|x64.Build.0 = Release|Win32
		{EB33566E-DA7F-4D28-9077-88C0B7C77E35}.Release Library|Any CPU.ActiveCfg = Release|Win32
		{EB33566E-DA7F-4D28-9077-88C0B7C77E35}.Release Library|Any CPU.Build.0 = Release|Win32
		{EB33566E-DA7F-4D28-9077-88C0B7C77E35}.Release Library|Win32.ActiveCfg = Release|Win32
		{EB33566E-DA7F-4D28-9077-88C0B7C77E35}.Release Library|Win32.Build.0 = Release|Win32
		{EB33566E-DA7F-4D28-9077-88C0B7C77E35}.Release Library|x64.ActiveCfg = Release|Win32
		{EB33566E-DA7F-4D28-9077-88C0B7C77E35}.Release Library|x64.Build.0 = Release|Win32
		{EB33566E-DA7F-4D28-9077-88C0B7C77E35}.Release|Any CPU.ActiveCfg = Release|Win32
		{EB33566E-DA7F-4D28-9077-88C0B7C77E35}.Release|Win32.ActiveCfg = Release|Win32
		{EB33566E-DA7F-4D28-9077-88C0B7C77E35}.Release|Win32.Build.0 = Release|Win32
		{EB33566E-DA7F-4D28-9077-88C0B7C77E35}.Release|x64.ActiveCfg = Release|Win32
		{EB33566E-DA7F-4D28-9077-88C0B7C77E35}.ReleaseDLL|Any CPU.ActiveCfg = Release|Win32
		{EB33566E-DA7F-4D28-9077-88C0B7C77E35}.ReleaseDLL|Any CPU.Build.0 = Release|Win32
		{EB33566E-DA7F-4D28-9077-88C0B7C77E35}.ReleaseDLL|Win32.ActiveCfg = Release|Win32
		{EB33566E-DA7F-4D28-9077-88C0B7C77E35}.ReleaseDLL|Win32.Build.0 = Release|Win32
		{EB33566E-DA7F-4D28-9077-88C0B7C77E35}.ReleaseDLL|x64.ActiveCfg = Release|Win32
		{EB33566E-DA7F-4D28-9077-88C0B7C77E35}.ReleaseDLL|x64.Build.0 = Release|Win32
		{EB33566E-DA7F-4D28-9077-88C0B7C77E35}.RelWithDebInfo|Any CPU.ActiveCfg = Release|Win32
		{EB33566E-DA7F-4D28-9077-88C0B7C77E35}.RelWithDebInfo|Any CPU.Build.0 = Release|Win32
		{EB33566E-DA7F-4D28-9077-88C0B7C77E35}.RelWithDebInfo|Win32.ActiveCfg = Release|Win32
		{EB33566E-DA7F-4D28-9077-88C0B7C77E35}.RelWithDebInfo|Win32.Build.0 = Release|Win32
		{EB33566E-DA7F-4D28-9077-88C0B7C77E35}.RelWithDebInfo|x64.ActiveCfg = Release|Win32
		{EB33566E-DA7F-4D28-9077-88C0B7C77E35}.RelWithDebInfo|x64.Build.0 = Release|Win32
	EndGlobalSection
	GlobalSection(SolutionProperties) = preSolution
		HideSolutionNode = FALSE
	EndGlobalSection
	GlobalSection(ExtensibilityGlobals) = postSolution
		SolutionGuid = {5AD05CF3-84A4-4972-BBA7-DDFF59CA6764}
	EndGlobalSection
EndGlobal
